// !$*UTF8*$!
{
	archiveVersion = 1;
	classes = {
	};
	objectVersion = 100;
	objects = {

/* Begin PBXBuildFile section */
		AAAA0000000000000000AA02 /* ZIPFoundation in Frameworks */ = {isa = PBXBuildFile; productRef = AAAA0000000000000000AA03 /* ZIPFoundation */; };
		F91C1C852FF54C7F00C58FC6 /* WidgetKit.framework in Frameworks */ = {isa = PBXBuildFile; fileRef = F91C1C842FF54C7F00C58FC6 /* WidgetKit.framework */; };
		F91C1C872FF54C7F00C58FC6 /* SwiftUI.framework in Frameworks */ = {isa = PBXBuildFile; fileRef = F91C1C862FF54C7F00C58FC6 /* SwiftUI.framework */; };
		F91C1C942FF54C8200C58FC6 /* BlankieWidgetExtension.appex in Embed Foundation Extensions */ = {isa = PBXBuildFile; fileRef = F91C1C832FF54C7F00C58FC6 /* BlankieWidgetExtension.appex */; settings = {ATTRIBUTES = (RemoveHeadersOnCopy, ); }; };
		F94CB79B2FEA47920077688E /* QuickLook.framework in Frameworks */ = {isa = PBXBuildFile; fileRef = F94CB79A2FEA47920077688E /* QuickLook.framework */; };
		F94CB7A72FEA47920077688E /* BlankiePresetPreview.appex in Embed Foundation Extensions */ = {isa = PBXBuildFile; fileRef = F94CB7992FEA47920077688E /* BlankiePresetPreview.appex */; platformFilter = ios; settings = {ATTRIBUTES = (RemoveHeadersOnCopy, ); }; };
		F94CB7B02FEA47A80077688E /* ZIPFoundation in Frameworks */ = {isa = PBXBuildFile; productRef = F94CB7AF2FEA47A80077688E /* ZIPFoundation */; };
		F95914D92FDF1D2300808460 /* BlankieAssetDownloader.appex in Embed ExtensionKit Extensions */ = {isa = PBXBuildFile; fileRef = F95914D02FDF1D2300808460 /* BlankieAssetDownloader.appex */; platformFilter = ios; settings = {ATTRIBUTES = (RemoveHeadersOnCopy, ); }; };
		F9C0AF062E0DAF7A00E4530D /* ZIPFoundation in Frameworks */ = {isa = PBXBuildFile; productRef = F9C0AA3E2E0DADF300E4530D /* ZIPFoundation */; };
		FADE000000000000005A0002 /* Assets.xcassets in Resources */ = {isa = PBXBuildFile; fileRef = FADE000000000000005A0001 /* Assets.xcassets */; };
		FADE000000000000005A0003 /* Assets.xcassets in Resources */ = {isa = PBXBuildFile; fileRef = FADE000000000000005A0001 /* Assets.xcassets */; };
		FADE000000000000005A0005 /* BrandAssets.xcassets in Resources */ = {isa = PBXBuildFile; fileRef = FADE000000000000005A0004 /* BrandAssets.xcassets */; };
		FADE000000000000005A0006 /* BrandAssets.xcassets in Resources */ = {isa = PBXBuildFile; fileRef = FADE000000000000005A0004 /* BrandAssets.xcassets */; };
/* End PBXBuildFile section */

/* Begin PBXContainerItemProxy section */
		F91C1C922FF54C8200C58FC6 /* PBXContainerItemProxy */ = {
			isa = PBXContainerItemProxy;
			containerPortal = F91350572D233A43003C85BE /* Project object */;
			proxyType = 1;
			remoteGlobalIDString = F91C1C822FF54C7F00C58FC6;
			remoteInfo = BlankieWidgetExtension;
		};
		F94CB7A52FEA47920077688E /* PBXContainerItemProxy */ = {
			isa = PBXContainerItemProxy;
			containerPortal = F91350572D233A43003C85BE /* Project object */;
			proxyType = 1;
			remoteGlobalIDString = F94CB7982FEA47920077688E;
			remoteInfo = BlankiePresetPreview;
		};
		F95914D62FDF1D2300808460 /* PBXContainerItemProxy */ = {
			isa = PBXContainerItemProxy;
			containerPortal = F91350572D233A43003C85BE /* Project object */;
			proxyType = 1;
			remoteGlobalIDString = F95914CF2FDF1D2300808460;
			remoteInfo = BlankieAssets;
		};
		F9ED6BAE2D321D3300240F13 /* PBXContainerItemProxy */ = {
			isa = PBXContainerItemProxy;
			containerPortal = F91350572D233A43003C85BE /* Project object */;
			proxyType = 1;
			remoteGlobalIDString = F913505E2D233A43003C85BE;
			remoteInfo = Blankie;
		};
		F9ED70E42D3229AD00240F13 /* PBXContainerItemProxy */ = {
			isa = PBXContainerItemProxy;
			containerPortal = F91350572D233A43003C85BE /* Project object */;
			proxyType = 1;
			remoteGlobalIDString = F913505E2D233A43003C85BE;
			remoteInfo = Blankie;
		};
/* End PBXContainerItemProxy section */

/* Begin PBXCopyFilesBuildPhase section */
		F94CB7A82FEA47920077688E /* Embed Foundation Extensions */ = {
			isa = PBXCopyFilesBuildPhase;
			dstPath = "";
			dstSubfolder = PlugIns;
			files = (
				F94CB7A72FEA47920077688E /* BlankiePresetPreview.appex in Embed Foundation Extensions */,
				F91C1C942FF54C8200C58FC6 /* BlankieWidgetExtension.appex in Embed Foundation Extensions */,
			);
			name = "Embed Foundation Extensions";
		};
		F95914D82FDF1D2300808460 /* Embed ExtensionKit Extensions */ = {
			isa = PBXCopyFilesBuildPhase;
			dstPath = "$(EXTENSIONS_FOLDER_PATH)";
			dstSubfolder = Product;
			files = (
				F95914D92FDF1D2300808460 /* BlankieAssetDownloader.appex in Embed ExtensionKit Extensions */,
			);
			name = "Embed ExtensionKit Extensions";
		};
/* End PBXCopyFilesBuildPhase section */

/* Begin PBXFileReference section */
		F913505F2D233A43003C85BE /* Blankie.app */ = {isa = PBXFileReference; explicitFileType = wrapper.application; includeInIndex = 0; path = Blankie.app; sourceTree = BUILT_PRODUCTS_DIR; };
		F91C1C832FF54C7F00C58FC6 /* BlankieWidgetExtension.appex */ = {isa = PBXFileReference; explicitFileType = "wrapper.app-extension"; includeInIndex = 0; path = BlankieWidgetExtension.appex; sourceTree = BUILT_PRODUCTS_DIR; };
		F91C1C842FF54C7F00C58FC6 /* WidgetKit.framework */ = {isa = PBXFileReference; lastKnownFileType = wrapper.framework; name = WidgetKit.framework; path = /System/Library/Frameworks/WidgetKit.framework; sourceTree = "<absolute>"; };
		F91C1C862FF54C7F00C58FC6 /* SwiftUI.framework */ = {isa = PBXFileReference; lastKnownFileType = wrapper.framework; name = SwiftUI.framework; path = /System/Library/Frameworks/SwiftUI.framework; sourceTree = "<absolute>"; };
		F921ED992D272AE300D4F3D3 /* Configuration.xcconfig */ = {isa = PBXFileReference; lastKnownFileType = text.xcconfig; path = Configuration.xcconfig; sourceTree = "<group>"; };
		F93A3B112D26E93600EFC1C9 /* Blankie.entitlements */ = {isa = PBXFileReference; lastKnownFileType = text.plist.entitlements; path = Blankie.entitlements; sourceTree = "<group>"; };
		F93A3B122D26E93600EFC1C9 /* Blankie.xcodeproj */ = {isa = PBXFileReference; lastKnownFileType = "wrapper.pb-project"; path = Blankie.xcodeproj; sourceTree = "<group>"; };
		F94CB7992FEA47920077688E /* BlankiePresetPreview.appex */ = {isa = PBXFileReference; explicitFileType = "wrapper.app-extension"; includeInIndex = 0; path = BlankiePresetPreview.appex; sourceTree = BUILT_PRODUCTS_DIR; };
		F94CB79A2FEA47920077688E /* QuickLook.framework */ = {isa = PBXFileReference; lastKnownFileType = wrapper.framework; name = QuickLook.framework; path = System/Library/Frameworks/QuickLook.framework; sourceTree = SDKROOT; };
		F95914D02FDF1D2300808460 /* BlankieAssetDownloader.appex */ = {isa = PBXFileReference; explicitFileType = "wrapper.extensionkit-extension"; includeInIndex = 0; path = BlankieAssetDownloader.appex; sourceTree = BUILT_PRODUCTS_DIR; };
		F9ED65FE2D321AF800240F13 /* XCTest.framework */ = {isa = PBXFileReference; lastKnownFileType = wrapper.framework; name = XCTest.framework; path = Platforms/MacOSX.platform/Developer/Library/Frameworks/XCTest.framework; sourceTree = DEVELOPER_DIR; };
		F9ED66022D321B7D00240F13 /* Blankie.xctestplan */ = {isa = PBXFileReference; lastKnownFileType = text; path = Blankie.xctestplan; sourceTree = "<group>"; };
		F9ED6BAA2D321D3300240F13 /* BlankieTests.xctest */ = {isa = PBXFileReference; explicitFileType = wrapper.cfbundle; includeInIndex = 0; path = BlankieTests.xctest; sourceTree = BUILT_PRODUCTS_DIR; };
		F9ED70DE2D3229AD00240F13 /* BlankieUITests.xctest */ = {isa = PBXFileReference; explicitFileType = wrapper.cfbundle; includeInIndex = 0; path = BlankieUITests.xctest; sourceTree = BUILT_PRODUCTS_DIR; };
		FADE000000000000005A0001 /* Assets.xcassets */ = {isa = PBXFileReference; lastKnownFileType = folder.assetcatalog; path = Assets.xcassets; sourceTree = "<group>"; };
		FADE000000000000005A0004 /* BrandAssets.xcassets */ = {isa = PBXFileReference; lastKnownFileType = folder.assetcatalog; path = BrandAssets.xcassets; sourceTree = "<group>"; };
/* End PBXFileReference section */

/* Begin PBXFileSystemSynchronizedBuildFileExceptionSet section */
		F91C1C992FF54C8200C58FC6 /* Exceptions for "BlankieWidget" folder in "BlankieWidgetExtension" target */ = {
			isa = PBXFileSystemSynchronizedBuildFileExceptionSet;
			membershipExceptions = (
				Info.plist,
			);
			target = F91C1C822FF54C7F00C58FC6 /* BlankieWidgetExtension */;
		};
		F91C40D12FF54FB100C58FC6 /* Exceptions for "Blankie" folder in "BlankieWidgetExtension" target */ = {
			isa = PBXFileSystemSynchronizedBuildFileExceptionSet;
			membershipExceptions = (
				App/AppGroupConfiguration.swift,
				App/AppGroupFileMirror.swift,
				App/AppSetup.swift,
				Intents/IntentError.swift,
				Intents/PlaybackIntents.swift,
				Intents/PlaybackToggleValueIntent.swift,
				Intents/WidgetPlayFavoriteIntent.swift,
				Intents/WidgetToggleQuickMixSoundIntent.swift,
				Managers/Audio/AudioEngineManager.swift,
				"Managers/Audio/AudioEngineManager+Lifecycle.swift",
				Managers/Audio/AudioError.swift,
				Managers/Audio/AudioManager.swift,
				"Managers/Audio/AudioManager+Analysis.swift",
				"Managers/Audio/AudioManager+MediaControls.swift",
				"Managers/Audio/AudioManager+Notifications.swift",
				"Managers/Audio/AudioManager+PlaybackControl.swift",
				"Managers/Audio/AudioManager+QuickMix.swift",
				"Managers/Audio/AudioManager+SoloMode.swift",
				"Managers/Audio/AudioManager+SoundLoading.swift",
				"Managers/Audio/AudioManager+SwiftData.swift",
				"Managers/Audio/AudioManager+Widgets.swift",
				Managers/Audio/AudioSessionManager.swift,
				Managers/Audio/CustomSoundManager.swift,
				"Managers/Audio/CustomSoundManager+Conversion.swift",
				"Managers/Audio/CustomSoundManager+Helpers.swift",
				"Managers/Audio/CustomSoundManager+Import.swift",
				"Managers/Audio/CustomSoundManager+Metadata.swift",
				"Managers/Audio/CustomSoundManager+Mirror.swift",
				Managers/Audio/NowPlayingManager.swift,
				"Managers/Audio/NowPlayingManager+AnimatedArtwork.swift",
				"Managers/Audio/NowPlayingManager+Artwork.swift",
				"Managers/Audio/NowPlayingManager+Helpers.swift",
				Managers/Audio/Sound.swift,
				"Managers/Audio/Sound+Loading.swift",
				"Managers/Audio/Sound+Metadata.swift",
				"Managers/Audio/Sound+Normalization.swift",
				"Managers/Audio/Sound+Playback.swift",
				Managers/Audio/SoundCreditsManager.swift,
				Managers/Audio/SoundPlayer.swift,
				Managers/Audio/SpatialSessionManager.swift,
				Managers/BackgroundResourceManager.swift,
				Managers/DockPresenceManager.swift,
				Managers/Presets/PresetArtworkManager.swift,
				Managers/Presets/PresetError.swift,
				Managers/Presets/PresetManager.swift,
				Managers/Settings/GlobalSettings.swift,
				"Managers/Settings/GlobalSettings+Initialization.swift",
				"Managers/Settings/GlobalSettings+Setters.swift",
				Managers/Timer/TimerManager.swift,
				Models/BlankieSchema.swift,
				Models/Credits.swift,
				Models/CustomSoundData.swift,
				Models/Language.swift,
				Models/License.swift,
				Models/PlaybackProfile.swift,
				Models/Preset.swift,
				Models/PresetArchive.swift,
				Models/PresetArtwork.swift,
				Models/PresetState.swift,
				Models/PresetStorage.swift,
				Models/SoundCredit.swift,
				Models/SoundCustomization.swift,
				Models/SoundData.swift,
				Shared/NowPlaying/BlankieAnimatedArtwork.swift,
				Shared/Utilities/AnimatedArtworkFileStore.swift,
				UI/Components/FallbackArtwork.swift,
				Utils/AudioAnalyzer.swift,
				"Utils/AudioAnalyzer+LUFS.swift",
				"Utils/AudioAnalyzer+Weighting.swift",
				Utils/ErrorReporting/ErrorReporter.swift,
				"Utils/Extensions/Color+Extension.swift",
				"Utils/Extensions/Locale+ScriptDetection.swift",
				"Utils/Extensions/TimeInterval+Clock.swift",
				Utils/FileHashUtility.swift,
				Utils/ImageExtensions.swift,
				Utils/Logging.swift,
				Utils/SpatialAudioCache.swift,
				Widgets/WidgetStateStore.swift,
			);
			target = F91C1C822FF54C7F00C58FC6 /* BlankieWidgetExtension */;
		};
		F94CB7AD2FEA47920077688E /* Exceptions for "BlankiePresetPreview" folder in "BlankiePresetPreview" target */ = {
			isa = PBXFileSystemSynchronizedBuildFileExceptionSet;
			membershipExceptions = (
				Info.plist,
			);
			target = F94CB7982FEA47920077688E /* BlankiePresetPreview */;
		};
		F95914DE2FDF1D2300808460 /* Exceptions for "BlankieAssets" folder in "BlankieAssetDownloader" target */ = {
			isa = PBXFileSystemSynchronizedBuildFileExceptionSet;
			membershipExceptions = (
				Info.plist,
			);
			target = F95914CF2FDF1D2300808460 /* BlankieAssetDownloader */;
		};
/* End PBXFileSystemSynchronizedBuildFileExceptionSet section */

/* Begin PBXFileSystemSynchronizedRootGroup section */
		F91C1C882FF54C7F00C58FC6 /* BlankieWidget */ = {
			isa = PBXFileSystemSynchronizedRootGroup;
			exceptions = (
				F91C1C992FF54C8200C58FC6 /* Exceptions for "BlankieWidget" folder in "BlankieWidgetExtension" target */,
			);
			path = BlankieWidget;
			sourceTree = "<group>";
		};
		F94CB79C2FEA47920077688E /* BlankiePresetPreview */ = {
			isa = PBXFileSystemSynchronizedRootGroup;
			exceptions = (
				F94CB7AD2FEA47920077688E /* Exceptions for "BlankiePresetPreview" folder in "BlankiePresetPreview" target */,
			);
			path = BlankiePresetPreview;
			sourceTree = "<group>";
		};
		F95914D12FDF1D2300808460 /* BlankieAssets */ = {
			isa = PBXFileSystemSynchronizedRootGroup;
			exceptions = (
				F95914DE2FDF1D2300808460 /* Exceptions for "BlankieAssets" folder in "BlankieAssetDownloader" target */,
			);
			path = BlankieAssets;
			sourceTree = "<group>";
		};
		F9BC93262D41457D00E450FC /* Blankie */ = {
			isa = PBXFileSystemSynchronizedRootGroup;
			exceptions = (
				F91C40D12FF54FB100C58FC6 /* Exceptions for "Blankie" folder in "BlankieWidgetExtension" target */,
			);
			path = Blankie;
			sourceTree = "<group>";
		};
		F9ED6DAB2D321F5D00240F13 /* BlankieTests */ = {
			isa = PBXFileSystemSynchronizedRootGroup;
			path = BlankieTests;
			sourceTree = "<group>";
		};
		F9ED70DF2D3229AD00240F13 /* BlankieUITests */ = {
			isa = PBXFileSystemSynchronizedRootGroup;
			path = BlankieUITests;
			sourceTree = "<group>";
		};
/* End PBXFileSystemSynchronizedRootGroup section */

/* Begin PBXFrameworksBuildPhase section */
		AAAA0000000000000000AA01 /* Frameworks */ = {
			isa = PBXFrameworksBuildPhase;
			files = (
				AAAA0000000000000000AA02 /* ZIPFoundation in Frameworks */,
			);
		};
		F91C1C802FF54C7F00C58FC6 /* Frameworks */ = {
			isa = PBXFrameworksBuildPhase;
			files = (
				F91C1C872FF54C7F00C58FC6 /* SwiftUI.framework in Frameworks */,
				F91C1C852FF54C7F00C58FC6 /* WidgetKit.framework in Frameworks */,
			);
		};
		F94CB7962FEA47920077688E /* Frameworks */ = {
			isa = PBXFrameworksBuildPhase;
			files = (
				F94CB79B2FEA47920077688E /* QuickLook.framework in Frameworks */,
				F94CB7B02FEA47A80077688E /* ZIPFoundation in Frameworks */,
			);
		};
		F95914CD2FDF1D2300808460 /* Frameworks */ = {
			isa = PBXFrameworksBuildPhase;
			files = (
			);
		};
		F9C0AF052E0DAF7000E4530D /* Frameworks */ = {
			isa = PBXFrameworksBuildPhase;
			files = (
				F9C0AF062E0DAF7A00E4530D /* ZIPFoundation in Frameworks */,
			);
		};
/* End PBXFrameworksBuildPhase section */

/* Begin PBXGroup section */
		F91350562D233A43003C85BE = {
			isa = PBXGroup;
			children = (
				F91350602D233A43003C85BE /* Products */,
				F9ED65FD2D321AF800240F13 /* Frameworks */,
				FADE000000000000005A0001 /* Assets.xcassets */,
				FADE000000000000005A0004 /* BrandAssets.xcassets */,
				F9BC93262D41457D00E450FC /* Blankie */,
				F95914D12FDF1D2300808460 /* BlankieAssets */,
				F94CB79C2FEA47920077688E /* BlankiePresetPreview */,
				F9ED6DAB2D321F5D00240F13 /* BlankieTests */,
				F9ED70DF2D3229AD00240F13 /* BlankieUITests */,
				F91C1C882FF54C7F00C58FC6 /* BlankieWidget */,
				F93A3B122D26E93600EFC1C9 /* Blankie.xcodeproj */,
				F9ED66022D321B7D00240F13 /* Blankie.xctestplan */,
				F93A3B112D26E93600EFC1C9 /* Blankie.entitlements */,
				F921ED992D272AE300D4F3D3 /* Configuration.xcconfig */,
			);
			sourceTree = "<group>";
		};
		F91350602D233A43003C85BE /* Products */ = {
			isa = PBXGroup;
			children = (
				F913505F2D233A43003C85BE /* Blankie.app */,
				F9ED6BAA2D321D3300240F13 /* BlankieTests.xctest */,
				F9ED70DE2D3229AD00240F13 /* BlankieUITests.xctest */,
				F95914D02FDF1D2300808460 /* BlankieAssetDownloader.appex */,
				F94CB7992FEA47920077688E /* BlankiePresetPreview.appex */,
				F91C1C832FF54C7F00C58FC6 /* BlankieWidgetExtension.appex */,
			);
			name = Products;
			sourceTree = "<group>";
		};
		F93BA03D2D2835B50023EF6C /* Products */ = {
			isa = PBXGroup;
			name = Products;
			sourceTree = "<group>";
		};
		F9ED65FD2D321AF800240F13 /* Frameworks */ = {
			isa = PBXGroup;
			children = (
				F9ED65FE2D321AF800240F13 /* XCTest.framework */,
				F94CB79A2FEA47920077688E /* QuickLook.framework */,
				F91C1C842FF54C7F00C58FC6 /* WidgetKit.framework */,
				F91C1C862FF54C7F00C58FC6 /* SwiftUI.framework */,
			);
			name = Frameworks;
			sourceTree = "<group>";
		};
/* End PBXGroup section */

/* Begin PBXNativeTarget section */
		F913505E2D233A43003C85BE /* Blankie */ = {
			isa = PBXNativeTarget;
			buildConfigurationList = F91350862D233A44003C85BE /* Build configuration list for PBXNativeTarget "Blankie" */;
			buildPhases = (
				F913505B2D233A43003C85BE /* Sources */,
				F913505D2D233A43003C85BE /* Resources */,
				F921EDC02D27408E00D4F3D3 /* Run Script */,
				F9C0AF052E0DAF7000E4530D /* Frameworks */,
				F95914D82FDF1D2300808460 /* Embed ExtensionKit Extensions */,
				F94CB7A82FEA47920077688E /* Embed Foundation Extensions */,
			);
			buildRules = (
			);
			dependencies = (
				F95914D72FDF1D2300808460 /* PBXTargetDependency */,
				F94CB7A62FEA47920077688E /* PBXTargetDependency */,
				F91C1C932FF54C8200C58FC6 /* PBXTargetDependency */,
			);
			fileSystemSynchronizedGroups = (
				F9BC93262D41457D00E450FC /* Blankie */,
			);
			name = Blankie;
			packageProductDependencies = (
				F9C0AA3E2E0DADF300E4530D /* ZIPFoundation */,
			);
			productName = Blankie;
			productReference = F913505F2D233A43003C85BE /* Blankie.app */;
			productType = "com.apple.product-type.application";
		};
		F91C1C822FF54C7F00C58FC6 /* BlankieWidgetExtension */ = {
			isa = PBXNativeTarget;
			buildConfigurationList = F91C1C9A2FF54C8200C58FC6 /* Build configuration list for PBXNativeTarget "BlankieWidgetExtension" */;
			buildPhases = (
				F91C1C7F2FF54C7F00C58FC6 /* Sources */,
				F91C1C802FF54C7F00C58FC6 /* Frameworks */,
				F91C1C812FF54C7F00C58FC6 /* Resources */,
			);
			buildRules = (
			);
			fileSystemSynchronizedGroups = (
				F91C1C882FF54C7F00C58FC6 /* BlankieWidget */,
			);
			name = BlankieWidgetExtension;
			productName = BlankieWidgetExtension;
			productReference = F91C1C832FF54C7F00C58FC6 /* BlankieWidgetExtension.appex */;
			productType = "com.apple.product-type.app-extension";
		};
		F94CB7982FEA47920077688E /* BlankiePresetPreview */ = {
			isa = PBXNativeTarget;
			buildConfigurationList = F94CB7AE2FEA47920077688E /* Build configuration list for PBXNativeTarget "BlankiePresetPreview" */;
			buildPhases = (
				F94CB7952FEA47920077688E /* Sources */,
				F94CB7962FEA47920077688E /* Frameworks */,
				F94CB7972FEA47920077688E /* Resources */,
			);
			buildRules = (
			);
			fileSystemSynchronizedGroups = (
				F94CB79C2FEA47920077688E /* BlankiePresetPreview */,
			);
			name = BlankiePresetPreview;
			packageProductDependencies = (
				F94CB7AF2FEA47A80077688E /* ZIPFoundation */,
			);
			productName = BlankiePresetPreview;
			productReference = F94CB7992FEA47920077688E /* BlankiePresetPreview.appex */;
			productType = "com.apple.product-type.app-extension";
		};
		F95914CF2FDF1D2300808460 /* BlankieAssetDownloader */ = {
			isa = PBXNativeTarget;
			buildConfigurationList = F95914DF2FDF1D2300808460 /* Build configuration list for PBXNativeTarget "BlankieAssetDownloader" */;
			buildPhases = (
				F95914CC2FDF1D2300808460 /* Sources */,
				F95914CD2FDF1D2300808460 /* Frameworks */,
				F95914CE2FDF1D2300808460 /* Resources */,
			);
			buildRules = (
			);
			fileSystemSynchronizedGroups = (
				F95914D12FDF1D2300808460 /* BlankieAssets */,
			);
			name = BlankieAssetDownloader;
			productName = BlankieAssets;
			productReference = F95914D02FDF1D2300808460 /* BlankieAssetDownloader.appex */;
			productType = "com.apple.product-type.extensionkit-extension";
		};
		F9ED6BA92D321D3300240F13 /* BlankieTests */ = {
			isa = PBXNativeTarget;
			buildConfigurationList = F9ED6BB02D321D3300240F13 /* Build configuration list for PBXNativeTarget "BlankieTests" */;
			buildPhases = (
				F9ED6BA62D321D3300240F13 /* Sources */,
				AAAA0000000000000000AA01 /* Frameworks */,
			);
			buildRules = (
			);
			dependencies = (
				F9ED6BAF2D321D3300240F13 /* PBXTargetDependency */,
			);
			fileSystemSynchronizedGroups = (
				F9ED6DAB2D321F5D00240F13 /* BlankieTests */,
			);
			name = BlankieTests;
			packageProductDependencies = (
				AAAA0000000000000000AA03 /* ZIPFoundation */,
			);
			productName = BlankieTests;
			productReference = F9ED6BAA2D321D3300240F13 /* BlankieTests.xctest */;
			productType = "com.apple.product-type.bundle.unit-test";
		};
		F9ED70DD2D3229AD00240F13 /* BlankieUITests */ = {
			isa = PBXNativeTarget;
			buildConfigurationList = F9ED70E62D3229AD00240F13 /* Build configuration list for PBXNativeTarget "BlankieUITests" */;
			buildPhases = (
				F9ED70DA2D3229AD00240F13 /* Sources */,
			);
			buildRules = (
			);
			dependencies = (
				F9ED70E52D3229AD00240F13 /* PBXTargetDependency */,
			);
			fileSystemSynchronizedGroups = (
				F9ED70DF2D3229AD00240F13 /* BlankieUITests */,
			);
			name = BlankieUITests;
			productName = BlankieUITests;
			productReference = F9ED70DE2D3229AD00240F13 /* BlankieUITests.xctest */;
			productType = "com.apple.product-type.bundle.ui-testing";
		};
/* End PBXNativeTarget section */

/* Begin PBXProject section */
		F91350572D233A43003C85BE /* Project object */ = {
			isa = PBXProject;
			attributes = {
				BuildIndependentTargetsInParallel = 1;
				LastSwiftUpdateCheck = 2660;
				LastUpgradeCheck = 2660;
				TargetAttributes = {
					F913505E2D233A43003C85BE = {
						CreatedOnToolsVersion = 16.2;
						LastSwiftMigration = 1620;
					};
					F91C1C822FF54C7F00C58FC6 = {
						CreatedOnToolsVersion = 26.6;
					};
					F94CB7982FEA47920077688E = {
						CreatedOnToolsVersion = 26.5;
					};
					F95914CF2FDF1D2300808460 = {
						CreatedOnToolsVersion = 26.5;
					};
					F9ED6BA92D321D3300240F13 = {
						CreatedOnToolsVersion = 16.2;
						TestTargetID = F913505E2D233A43003C85BE;
					};
					F9ED70DD2D3229AD00240F13 = {
						CreatedOnToolsVersion = 16.2;
						TestTargetID = F913505E2D233A43003C85BE;
					};
				};
			};
			buildConfigurationList = F913505A2D233A43003C85BE /* Build configuration list for PBXProject "Blankie" */;
			developmentRegion = en;
			hasScannedForEncodings = 0;
			knownRegions = (
				Base,
				de,
				en,
				"en-GB",
				es,
				fr,
				hu,
				it,
				ja,
				ko,
				pl,
				"pt-PT",
				tr,
				"zh-Hans",
			);
			mainGroup = F91350562D233A43003C85BE;
			minimizedProjectReferenceProxies = 1;
			packageReferences = (
				F9C0AA3D2E0DADF300E4530D /* XCRemoteSwiftPackageReference "ZIPFoundation" */,
			);
			preferredProjectObjectVersion = 100;
			productRefGroup = F91350602D233A43003C85BE /* Products */;
			projectDirPath = "";
			projectReferences = (
				{
					ProductGroup = F93BA03D2D2835B50023EF6C /* Products */;
					ProjectRef = F93A3B122D26E93600EFC1C9 /* Blankie.xcodeproj */;
				},
			);
			projectRoot = "";
			targets = (
				F913505E2D233A43003C85BE /* Blankie */,
				F9ED6BA92D321D3300240F13 /* BlankieTests */,
				F9ED70DD2D3229AD00240F13 /* BlankieUITests */,
				F95914CF2FDF1D2300808460 /* BlankieAssetDownloader */,
				F94CB7982FEA47920077688E /* BlankiePresetPreview */,
				F91C1C822FF54C7F00C58FC6 /* BlankieWidgetExtension */,
			);
		};
/* End PBXProject section */

/* Begin PBXResourcesBuildPhase section */
		F913505D2D233A43003C85BE /* Resources */ = {
			isa = PBXResourcesBuildPhase;
			files = (
				FADE000000000000005A0002 /* Assets.xcassets in Resources */,
				FADE000000000000005A0005 /* BrandAssets.xcassets in Resources */,
			);
		};
		F91C1C812FF54C7F00C58FC6 /* Resources */ = {
			isa = PBXResourcesBuildPhase;
			files = (
				FADE000000000000005A0006 /* BrandAssets.xcassets in Resources */,
			);
		};
		F94CB7972FEA47920077688E /* Resources */ = {
			isa = PBXResourcesBuildPhase;
			files = (
				FADE000000000000005A0003 /* Assets.xcassets in Resources */,
			);
		};
		F95914CE2FDF1D2300808460 /* Resources */ = {
			isa = PBXResourcesBuildPhase;
			files = (
			);
		};
/* End PBXResourcesBuildPhase section */

/* Begin PBXShellScriptBuildPhase section */
		F921EDC02D27408E00D4F3D3 /* Run Script */ = {
			isa = PBXShellScriptBuildPhase;
			alwaysOutOfDate = 1;
			name = "Run Script";
			outputPaths = (
				"$(INFOPLIST_FILE)",
				"$(PROJECT_DIR)/Configuration.xcconfig",
			);
			shellPath = /bin/sh;
			shellScript = (
				"#!/bin/sh",
				"set -e",
				"set -x",
				"",
				"# Only bump the build number when archiving (ACTION=install).",
				"if [ \"$ACTION\" != \"install\" ]; then",
				"  echo \"Skipping build number bump (ACTION=$ACTION, not an archive)\"",
				"  exit 0",
				"fi",
				"",
				"# Get paths",
				"CONFIG_PATH=\"${PROJECT_DIR}/Configuration.xcconfig\"",
				"TEMP_CONFIG=\"${DERIVED_FILE_DIR}/temp_config.xcconfig\"",
				"",
				"# Get current build number from xcconfig",
				"buildNumber=$(grep \"CURRENT_PROJECT_VERSION\" \"${CONFIG_PATH}\" | awk -F \"=\" '{print $2}' | tr -d '[:space:]')",
				"",
				"# Increment the build number",
				"buildNumber=$((buildNumber + 1))",
				"echo \"New build number: $buildNumber\"",
				"",
				"# Update xcconfig using a temp file",
				"sed \"s/CURRENT_PROJECT_VERSION = [0-9]*/CURRENT_PROJECT_VERSION = $buildNumber/\" \"${CONFIG_PATH}\" > \"${TEMP_CONFIG}\"",
				"cp \"${TEMP_CONFIG}\" \"${CONFIG_PATH}\"",
				"",
				"",
				"",
				"",
				"",
			);
		};
/* End PBXShellScriptBuildPhase section */

/* Begin PBXSourcesBuildPhase section */
		F913505B2D233A43003C85BE /* Sources */ = {
			isa = PBXSourcesBuildPhase;
			files = (
			);
		};
		F91C1C7F2FF54C7F00C58FC6 /* Sources */ = {
			isa = PBXSourcesBuildPhase;
			files = (
			);
		};
		F94CB7952FEA47920077688E /* Sources */ = {
			isa = PBXSourcesBuildPhase;
			files = (
			);
		};
		F95914CC2FDF1D2300808460 /* Sources */ = {
			isa = PBXSourcesBuildPhase;
			files = (
			);
		};
		F9ED6BA62D321D3300240F13 /* Sources */ = {
			isa = PBXSourcesBuildPhase;
			files = (
			);
		};
		F9ED70DA2D3229AD00240F13 /* Sources */ = {
			isa = PBXSourcesBuildPhase;
			files = (
			);
		};
/* End PBXSourcesBuildPhase section */

/* Begin PBXTargetDependency section */
		F91C1C932FF54C8200C58FC6 /* PBXTargetDependency */ = {
			isa = PBXTargetDependency;
			target = F91C1C822FF54C7F00C58FC6 /* BlankieWidgetExtension */;
			targetProxy = F91C1C922FF54C8200C58FC6 /* PBXContainerItemProxy */;
		};
		F94CB7A62FEA47920077688E /* PBXTargetDependency */ = {
			isa = PBXTargetDependency;
			platformFilter = ios;
			target = F94CB7982FEA47920077688E /* BlankiePresetPreview */;
			targetProxy = F94CB7A52FEA47920077688E /* PBXContainerItemProxy */;
		};
		F95914D72FDF1D2300808460 /* PBXTargetDependency */ = {
			isa = PBXTargetDependency;
			platformFilter = ios;
			target = F95914CF2FDF1D2300808460 /* BlankieAssetDownloader */;
			targetProxy = F95914D62FDF1D2300808460 /* PBXContainerItemProxy */;
		};
		F9ED6BAF2D321D3300240F13 /* PBXTargetDependency */ = {
			isa = PBXTargetDependency;
			platformFilters = (
				ios,
				macos,
			);
			target = F913505E2D233A43003C85BE /* Blankie */;
			targetProxy = F9ED6BAE2D321D3300240F13 /* PBXContainerItemProxy */;
		};
		F9ED70E52D3229AD00240F13 /* PBXTargetDependency */ = {
			isa = PBXTargetDependency;
			target = F913505E2D233A43003C85BE /* Blankie */;
			targetProxy = F9ED70E42D3229AD00240F13 /* PBXContainerItemProxy */;
		};
/* End PBXTargetDependency section */

/* Begin XCBuildConfiguration section */
		F91350842D233A44003C85BE /* Debug configuration for PBXProject "Blankie" */ = {
			isa = XCBuildConfiguration;
			baseConfigurationReference = F921ED992D272AE300D4F3D3 /* Configuration.xcconfig */;
			buildSettings = {
				AGVTOOL_KEYCHAIN = "";
				ALWAYS_SEARCH_USER_PATHS = NO;
				ASSETCATALOG_COMPILER_GENERATE_SWIFT_ASSET_SYMBOL_EXTENSIONS = YES;
				CLANG_ANALYZER_LOCALIZABILITY_NONLOCALIZED = YES;
				CLANG_ANALYZER_NUMBER_OBJECT_CONVERSION = YES_AGGRESSIVE;
				CLANG_CXX_LANGUAGE_STANDARD = "gnu++20";
				CLANG_ENABLE_OBJC_ARC = YES;
				CLANG_ENABLE_OBJC_WEAK = YES;
				CLANG_WARN_BLOCK_CAPTURE_AUTORELEASING = YES;
				CLANG_WARN_BOOL_CONVERSION = YES;
				CLANG_WARN_COMMA = YES;
				CLANG_WARN_CONSTANT_CONVERSION = YES;
				CLANG_WARN_DEPRECATED_OBJC_IMPLEMENTATIONS = YES;
				CLANG_WARN_DIRECT_OBJC_ISA_USAGE = YES;
				CLANG_WARN_DOCUMENTATION_COMMENTS = YES;
				CLANG_WARN_EMPTY_BODY = YES;
				CLANG_WARN_ENUM_CONVERSION = YES;
				CLANG_WARN_INFINITE_RECURSION = YES;
				CLANG_WARN_INT_CONVERSION = YES;
				CLANG_WARN_NON_LITERAL_NULL_CONVERSION = YES;
				CLANG_WARN_OBJC_IMPLICIT_RETAIN_SELF = YES;
				CLANG_WARN_OBJC_LITERAL_CONVERSION = YES;
				CLANG_WARN_OBJC_ROOT_CLASS = YES_ERROR;
				CLANG_WARN_QUOTED_INCLUDE_IN_FRAMEWORK_HEADER = YES;
				CLANG_WARN_RANGE_LOOP_ANALYSIS = YES;
				CLANG_WARN_STRICT_PROTOTYPES = YES;
				CLANG_WARN_SUSPICIOUS_MOVE = YES;
				CLANG_WARN_UNGUARDED_AVAILABILITY = YES_AGGRESSIVE;
				CLANG_WARN_UNREACHABLE_CODE = YES;
				CLANG_WARN__DUPLICATE_METHOD_MATCH = YES;
				COPY_PHASE_STRIP = NO;
				CURRENT_PROJECT_VERSION = "$(CURRENT_PROJECT_VERSION)";
				DEAD_CODE_STRIPPING = YES;
				DEBUG_INFORMATION_FORMAT = dwarf;
				DEVELOPMENT_TEAM = "$(DEVELOPMENT_TEAM)";
				ENABLE_PREVIEWS = YES;
				ENABLE_STRICT_OBJC_MSGSEND = YES;
				ENABLE_TESTABILITY = YES;
				ENABLE_USER_SCRIPT_SANDBOXING = NO;
				GCC_C_LANGUAGE_STANDARD = gnu17;
				GCC_DYNAMIC_NO_PIC = NO;
				GCC_NO_COMMON_BLOCKS = YES;
				GCC_OPTIMIZATION_LEVEL = 0;
				GCC_PREPROCESSOR_DEFINITIONS = (
					"DEBUG=1",
					"$(inherited)",
				);
				GCC_WARN_64_TO_32_BIT_CONVERSION = YES;
				GCC_WARN_ABOUT_RETURN_TYPE = YES_ERROR;
				GCC_WARN_UNDECLARED_SELECTOR = YES;
				GCC_WARN_UNINITIALIZED_AUTOS = YES_AGGRESSIVE;
				GCC_WARN_UNUSED_FUNCTION = YES;
				GCC_WARN_UNUSED_VARIABLE = YES;
				LOCALIZATION_PREFERS_STRING_CATALOGS = YES;
				MTL_ENABLE_DEBUG_INFO = INCLUDE_SOURCE;
				MTL_FAST_MATH = YES;
				ONLY_ACTIVE_ARCH = YES;
				STRING_CATALOG_GENERATE_SYMBOLS = YES;
				SWIFT_ACTIVE_COMPILATION_CONDITIONS = "DEBUG $(inherited)";
				SWIFT_EMIT_LOC_STRINGS = YES;
				SWIFT_OPTIMIZATION_LEVEL = "-Onone";
				SWIFT_VERSION = 6.0;
			};
			name = Debug;
		};
		F91350852D233A44003C85BE /* Release configuration for PBXProject "Blankie" */ = {
			isa = XCBuildConfiguration;
			baseConfigurationReference = F921ED992D272AE300D4F3D3 /* Configuration.xcconfig */;
			buildSettings = {
				AGVTOOL_KEYCHAIN = "";
				ALWAYS_SEARCH_USER_PATHS = NO;
				ASSETCATALOG_COMPILER_GENERATE_SWIFT_ASSET_SYMBOL_EXTENSIONS = YES;
				CLANG_ANALYZER_LOCALIZABILITY_NONLOCALIZED = YES;
				CLANG_ANALYZER_NUMBER_OBJECT_CONVERSION = YES_AGGRESSIVE;
				CLANG_CXX_LANGUAGE_STANDARD = "gnu++20";
				CLANG_ENABLE_OBJC_ARC = YES;
				CLANG_ENABLE_OBJC_WEAK = YES;
				CLANG_WARN_BLOCK_CAPTURE_AUTORELEASING = YES;
				CLANG_WARN_BOOL_CONVERSION = YES;
				CLANG_WARN_COMMA = YES;
				CLANG_WARN_CONSTANT_CONVERSION = YES;
				CLANG_WARN_DEPRECATED_OBJC_IMPLEMENTATIONS = YES;
				CLANG_WARN_DIRECT_OBJC_ISA_USAGE = YES;
				CLANG_WARN_DOCUMENTATION_COMMENTS = YES;
				CLANG_WARN_EMPTY_BODY = YES;
				CLANG_WARN_ENUM_CONVERSION = YES;
				CLANG_WARN_INFINITE_RECURSION = YES;
				CLANG_WARN_INT_CONVERSION = YES;
				CLANG_WARN_NON_LITERAL_NULL_CONVERSION = YES;
				CLANG_WARN_OBJC_IMPLICIT_RETAIN_SELF = YES;
				CLANG_WARN_OBJC_LITERAL_CONVERSION = YES;
				CLANG_WARN_OBJC_ROOT_CLASS = YES_ERROR;
				CLANG_WARN_QUOTED_INCLUDE_IN_FRAMEWORK_HEADER = YES;
				CLANG_WARN_RANGE_LOOP_ANALYSIS = YES;
				CLANG_WARN_STRICT_PROTOTYPES = YES;
				CLANG_WARN_SUSPICIOUS_MOVE = YES;
				CLANG_WARN_UNGUARDED_AVAILABILITY = YES_AGGRESSIVE;
				CLANG_WARN_UNREACHABLE_CODE = YES;
				CLANG_WARN__DUPLICATE_METHOD_MATCH = YES;
				COPY_PHASE_STRIP = NO;
				CURRENT_PROJECT_VERSION = "$(CURRENT_PROJECT_VERSION)";
				DEAD_CODE_STRIPPING = YES;
				DEBUG_INFORMATION_FORMAT = "dwarf-with-dsym";
				DEVELOPMENT_TEAM = "$(DEVELOPMENT_TEAM)";
				ENABLE_NS_ASSERTIONS = NO;
				ENABLE_PREVIEWS = YES;
				ENABLE_STRICT_OBJC_MSGSEND = YES;
				ENABLE_USER_SCRIPT_SANDBOXING = NO;
				GCC_C_LANGUAGE_STANDARD = gnu17;
				GCC_NO_COMMON_BLOCKS = YES;
				GCC_WARN_64_TO_32_BIT_CONVERSION = YES;
				GCC_WARN_ABOUT_RETURN_TYPE = YES_ERROR;
				GCC_WARN_UNDECLARED_SELECTOR = YES;
				GCC_WARN_UNINITIALIZED_AUTOS = YES_AGGRESSIVE;
				GCC_WARN_UNUSED_FUNCTION = YES;
				GCC_WARN_UNUSED_VARIABLE = YES;
				LOCALIZATION_PREFERS_STRING_CATALOGS = YES;
				MTL_ENABLE_DEBUG_INFO = NO;
				MTL_FAST_MATH = YES;
				STRING_CATALOG_GENERATE_SYMBOLS = YES;
				SWIFT_COMPILATION_MODE = wholemodule;
				SWIFT_EMIT_LOC_STRINGS = YES;
				SWIFT_VERSION = 6.0;
			};
			name = Release;
		};
		F91350872D233A44003C85BE /* Debug configuration for PBXNativeTarget "Blankie" */ = {
			isa = XCBuildConfiguration;
			baseConfigurationReference = F921ED992D272AE300D4F3D3 /* Configuration.xcconfig */;
			buildSettings = {
				AGVTOOL_KEYCHAIN = agvtool_keychain;
				AGVTOOL_VERSIONING = YES;
				ASSETCATALOG_COMPILER_APPICON_NAME = BlankieAppIcon;
				ASSETCATALOG_COMPILER_GLOBAL_ACCENT_COLOR_NAME = AccentColor;
				ASSETCATALOG_COMPILER_INCLUDE_ALL_APPICON_ASSETS = YES;
				CODE_SIGN_ENTITLEMENTS = Blankie.entitlements;
				"CODE_SIGN_ENTITLEMENTS[sdk=macosx*]" = "Blankie-macOS.entitlements";
				CODE_SIGN_IDENTITY = "$(CODE_SIGN_IDENTITY)";
				CODE_SIGN_STYLE = Automatic;
				CURRENT_PROJECT_VERSION = "$(CURRENT_PROJECT_VERSION)";
				DEAD_CODE_STRIPPING = YES;
				EMBED_ASSET_PACKS_IN_PRODUCT_BUNDLE = YES;
				ENABLE_APP_SANDBOX = YES;
				ENABLE_HARDENED_RUNTIME = YES;
				ENABLE_USER_SELECTED_FILES = readwrite;
				GENERATE_INFOPLIST_FILE = YES;
				INFOPLIST_FILE = "Blankie-Info.plist";
				INFOPLIST_KEY_CFBundleDisplayName = Blankie;
				INFOPLIST_KEY_ITSAppUsesNonExemptEncryption = NO;
				INFOPLIST_KEY_LSApplicationCategoryType = "public.app-category.healthcare-fitness";
				INFOPLIST_KEY_LSSupportsOpeningDocumentsInPlace = YES;
				INFOPLIST_KEY_NSHumanReadableCopyright = "© 2026 Cody Bromley and contributors. All rights reserved.";
				INFOPLIST_KEY_NSMotionUsageDescription = "Blankie shows your live listening direction in the Spatial Mix using your headphones' head position.";
				"INFOPLIST_KEY_UIApplicationSceneManifest_Generation[sdk=iphoneos*]" = YES;
				"INFOPLIST_KEY_UIApplicationSceneManifest_Generation[sdk=iphonesimulator*]" = YES;
				INFOPLIST_KEY_UIApplicationSupportsIndirectInputEvents = YES;
				"INFOPLIST_KEY_UIApplicationSupportsIndirectInputEvents[sdk=iphoneos*]" = YES;
				"INFOPLIST_KEY_UIApplicationSupportsIndirectInputEvents[sdk=iphonesimulator*]" = YES;
				INFOPLIST_KEY_UIFileSharingEnabled = YES;
				"INFOPLIST_KEY_UILaunchScreen_Generation[sdk=iphoneos*]" = YES;
				"INFOPLIST_KEY_UILaunchScreen_Generation[sdk=iphonesimulator*]" = YES;
				INFOPLIST_KEY_UIRequiredDeviceCapabilities = arm64;
				INFOPLIST_KEY_UIStatusBarHidden = NO;
				INFOPLIST_KEY_UIStatusBarStyle = "";
				"INFOPLIST_KEY_UIStatusBarStyle[sdk=iphoneos*]" = UIStatusBarStyleDefault;
				"INFOPLIST_KEY_UIStatusBarStyle[sdk=iphonesimulator*]" = UIStatusBarStyleDefault;
				INFOPLIST_KEY_UISupportedInterfaceOrientations = "UIInterfaceOrientationLandscapeLeft UIInterfaceOrientationLandscapeRight UIInterfaceOrientationPortrait";
				INFOPLIST_KEY_UISupportedInterfaceOrientations_iPad = "UIInterfaceOrientationLandscapeLeft UIInterfaceOrientationLandscapeRight UIInterfaceOrientationPortrait UIInterfaceOrientationPortraitUpsideDown";
				INFOPLIST_KEY_UISupportsDocumentBrowser = YES;
				IPHONEOS_DEPLOYMENT_TARGET = 26.4;
				LD_RUNPATH_SEARCH_PATHS = "@executable_path/Frameworks";
				"LD_RUNPATH_SEARCH_PATHS[sdk=macosx*]" = "@executable_path/../Frameworks";
				MACOSX_DEPLOYMENT_TARGET = 26.0;
				MARKETING_VERSION = 2.0.2;
				PRODUCT_BUNDLE_IDENTIFIER = "$(PRODUCT_BUNDLE_IDENTIFIER)";
				"PRODUCT_BUNDLE_IDENTIFIER[sdk=macosx*]" = "$(PRODUCT_BUNDLE_IDENTIFIER)";
				PRODUCT_NAME = "$(TARGET_NAME)";
				PROVISIONING_PROFILE_SPECIFIER = "";
				REGISTER_APP_GROUPS = YES;
				SDKROOT = auto;
				SUPPORTED_PLATFORMS = "iphoneos iphonesimulator macosx";
				SUPPORTS_MACCATALYST = NO;
				SWIFT_APPROACHABLE_CONCURRENCY = YES;
				SWIFT_DEFAULT_ACTOR_ISOLATION = MainActor;
				SWIFT_EMIT_LOC_STRINGS = YES;
				SWIFT_STRICT_CONCURRENCY = complete;
				SWIFT_VERSION = 6.0;
				TARGETED_DEVICE_FAMILY = "1,2";
				XROS_DEPLOYMENT_TARGET = 26.0;
			};
			name = Debug;
		};
		F91350882D233A44003C85BE /* Release configuration for PBXNativeTarget "Blankie" */ = {
			isa = XCBuildConfiguration;
			baseConfigurationReference = F921ED992D272AE300D4F3D3 /* Configuration.xcconfig */;
			buildSettings = {
				AGVTOOL_KEYCHAIN = agvtool_keychain;
				AGVTOOL_VERSIONING = YES;
				ASSETCATALOG_COMPILER_APPICON_NAME = BlankieAppIcon;
				ASSETCATALOG_COMPILER_GLOBAL_ACCENT_COLOR_NAME = AccentColor;
				ASSETCATALOG_COMPILER_INCLUDE_ALL_APPICON_ASSETS = YES;
				CODE_SIGN_ENTITLEMENTS = Blankie.entitlements;
				"CODE_SIGN_ENTITLEMENTS[sdk=macosx*]" = "Blankie-macOS.entitlements";
				"CODE_SIGN_IDENTITY[sdk=macosx*]" = "$(CODE_SIGN_IDENTITY)";
				CODE_SIGN_STYLE = Automatic;
				CURRENT_PROJECT_VERSION = "$(CURRENT_PROJECT_VERSION)";
				DEAD_CODE_STRIPPING = YES;
				ENABLE_APP_SANDBOX = YES;
				ENABLE_HARDENED_RUNTIME = YES;
				ENABLE_USER_SELECTED_FILES = readwrite;
				GENERATE_INFOPLIST_FILE = YES;
				INFOPLIST_FILE = "Blankie-Info.plist";
				INFOPLIST_KEY_CFBundleDisplayName = Blankie;
				INFOPLIST_KEY_ITSAppUsesNonExemptEncryption = NO;
				INFOPLIST_KEY_LSApplicationCategoryType = "public.app-category.healthcare-fitness";
				INFOPLIST_KEY_LSSupportsOpeningDocumentsInPlace = YES;
				INFOPLIST_KEY_NSHumanReadableCopyright = "© 2026 Cody Bromley and contributors. All rights reserved.";
				INFOPLIST_KEY_NSMotionUsageDescription = "Blankie shows your live listening direction in the Spatial Mix using your headphones' head position.";
				"INFOPLIST_KEY_UIApplicationSceneManifest_Generation[sdk=iphoneos*]" = YES;
				"INFOPLIST_KEY_UIApplicationSceneManifest_Generation[sdk=iphonesimulator*]" = YES;
				INFOPLIST_KEY_UIApplicationSupportsIndirectInputEvents = YES;
				"INFOPLIST_KEY_UIApplicationSupportsIndirectInputEvents[sdk=iphoneos*]" = YES;
				"INFOPLIST_KEY_UIApplicationSupportsIndirectInputEvents[sdk=iphonesimulator*]" = YES;
				INFOPLIST_KEY_UIFileSharingEnabled = YES;
				"INFOPLIST_KEY_UILaunchScreen_Generation[sdk=iphoneos*]" = YES;
				"INFOPLIST_KEY_UILaunchScreen_Generation[sdk=iphonesimulator*]" = YES;
				INFOPLIST_KEY_UIRequiredDeviceCapabilities = arm64;
				INFOPLIST_KEY_UIStatusBarHidden = NO;
				INFOPLIST_KEY_UIStatusBarStyle = "";
				"INFOPLIST_KEY_UIStatusBarStyle[sdk=iphoneos*]" = UIStatusBarStyleDefault;
				"INFOPLIST_KEY_UIStatusBarStyle[sdk=iphonesimulator*]" = UIStatusBarStyleDefault;
				INFOPLIST_KEY_UISupportedInterfaceOrientations = "UIInterfaceOrientationLandscapeLeft UIInterfaceOrientationLandscapeRight UIInterfaceOrientationPortrait";
				INFOPLIST_KEY_UISupportedInterfaceOrientations_iPad = "UIInterfaceOrientationLandscapeLeft UIInterfaceOrientationLandscapeRight UIInterfaceOrientationPortrait UIInterfaceOrientationPortraitUpsideDown";
				INFOPLIST_KEY_UISupportsDocumentBrowser = YES;
				IPHONEOS_DEPLOYMENT_TARGET = 26.4;
				LD_RUNPATH_SEARCH_PATHS = "@executable_path/Frameworks";
				"LD_RUNPATH_SEARCH_PATHS[sdk=macosx*]" = "@executable_path/../Frameworks";
				MACOSX_DEPLOYMENT_TARGET = 26.0;
				MARKETING_VERSION = 2.0.2;
				PRODUCT_BUNDLE_IDENTIFIER = "$(PRODUCT_BUNDLE_IDENTIFIER)";
				"PRODUCT_BUNDLE_IDENTIFIER[sdk=macosx*]" = "$(PRODUCT_BUNDLE_IDENTIFIER)";
				PRODUCT_NAME = "$(TARGET_NAME)";
				PROVISIONING_PROFILE_SPECIFIER = "";
				REGISTER_APP_GROUPS = YES;
				SDKROOT = auto;
				SUPPORTED_PLATFORMS = "iphoneos iphonesimulator macosx";
				SUPPORTS_MACCATALYST = NO;
				SWIFT_APPROACHABLE_CONCURRENCY = YES;
				SWIFT_DEFAULT_ACTOR_ISOLATION = MainActor;
				SWIFT_EMIT_LOC_STRINGS = YES;
				SWIFT_STRICT_CONCURRENCY = complete;
				SWIFT_VERSION = 6.0;
				TARGETED_DEVICE_FAMILY = "1,2";
				VALIDATE_PRODUCT = YES;
				XROS_DEPLOYMENT_TARGET = 26.0;
			};
			name = Release;
		};
		F91C1C952FF54C8200C58FC6 /* Debug configuration for PBXNativeTarget "BlankieWidgetExtension" */ = {
			isa = XCBuildConfiguration;
			buildSettings = {
				ASSETCATALOG_COMPILER_GLOBAL_ACCENT_COLOR_NAME = AccentColor;
				ASSETCATALOG_COMPILER_WIDGET_BACKGROUND_COLOR_NAME = WidgetBackground;
				CLANG_ANALYZER_NONNULL = YES;
				CLANG_ENABLE_MODULES = YES;
				CLANG_WARN_DIRECT_OBJC_ISA_USAGE = YES_ERROR;
				CODE_SIGN_ENTITLEMENTS = BlankieWidget/BlankieWidget.entitlements;
				CODE_SIGN_IDENTITY = "$(CODE_SIGN_IDENTITY)";
				CODE_SIGN_STYLE = Automatic;
				CURRENT_PROJECT_VERSION = "$(CURRENT_PROJECT_VERSION)";
				ENABLE_APP_SANDBOX = YES;
				ENABLE_HARDENED_RUNTIME = YES;
				ENABLE_USER_SCRIPT_SANDBOXING = YES;
				GENERATE_INFOPLIST_FILE = YES;
				INFOPLIST_FILE = BlankieWidget/Info.plist;
				INFOPLIST_KEY_CFBundleDisplayName = BlankieWidget;
				INFOPLIST_KEY_NSHumanReadableCopyright = "";
				IPHONEOS_DEPLOYMENT_TARGET = 26.5;
				LD_RUNPATH_SEARCH_PATHS = (
					"$(inherited)",
					"@executable_path/Frameworks",
					"@executable_path/../../Frameworks",
				);
				"LD_RUNPATH_SEARCH_PATHS[sdk=macosx*]" = (
					"$(inherited)",
					"@executable_path/../Frameworks",
					"@executable_path/../../../../Frameworks",
				);
				MACOSX_DEPLOYMENT_TARGET = 26.5;
				MARKETING_VERSION = 2.0.2;
				PRODUCT_BUNDLE_IDENTIFIER = com.codybrom.blankie.BlankieWidget;
				PRODUCT_NAME = "$(TARGET_NAME)";
				REGISTER_APP_GROUPS = YES;
				SDKROOT = auto;
				SKIP_INSTALL = YES;
				STRING_CATALOG_GENERATE_SYMBOLS = YES;
				SUPPORTED_PLATFORMS = "iphoneos iphonesimulator macosx xros xrsimulator";
				SWIFT_ACTIVE_COMPILATION_CONDITIONS = WIDGET_EXTENSION;
				SWIFT_APPROACHABLE_CONCURRENCY = YES;
				SWIFT_DEFAULT_ACTOR_ISOLATION = MainActor;
				SWIFT_EMIT_LOC_STRINGS = YES;
				SWIFT_STRICT_CONCURRENCY = complete;
				SWIFT_UPCOMING_FEATURE_MEMBER_IMPORT_VISIBILITY = YES;
				SWIFT_VERSION = 6.0;
				TARGETED_DEVICE_FAMILY = "1,2,7";
				XROS_DEPLOYMENT_TARGET = 26.5;
			};
			name = Debug;
		};
		F91C1C962FF54C8200C58FC6 /* Debug-CarPlay configuration for PBXNativeTarget "BlankieWidgetExtension" */ = {
			isa = XCBuildConfiguration;
			buildSettings = {
				ASSETCATALOG_COMPILER_GLOBAL_ACCENT_COLOR_NAME = AccentColor;
				ASSETCATALOG_COMPILER_WIDGET_BACKGROUND_COLOR_NAME = WidgetBackground;
				CLANG_ANALYZER_NONNULL = YES;
				CLANG_ENABLE_MODULES = YES;
				CLANG_WARN_DIRECT_OBJC_ISA_USAGE = YES_ERROR;
				CODE_SIGN_ENTITLEMENTS = BlankieWidget/BlankieWidget.entitlements;
				CODE_SIGN_IDENTITY = "$(CODE_SIGN_IDENTITY)";
				CODE_SIGN_STYLE = Automatic;
				CURRENT_PROJECT_VERSION = "$(CURRENT_PROJECT_VERSION)";
				ENABLE_APP_SANDBOX = YES;
				ENABLE_HARDENED_RUNTIME = YES;
				ENABLE_USER_SCRIPT_SANDBOXING = YES;
				GENERATE_INFOPLIST_FILE = YES;
				INFOPLIST_FILE = BlankieWidget/Info.plist;
				INFOPLIST_KEY_CFBundleDisplayName = BlankieWidget;
				INFOPLIST_KEY_NSHumanReadableCopyright = "";
				IPHONEOS_DEPLOYMENT_TARGET = 26.5;
				LD_RUNPATH_SEARCH_PATHS = (
					"$(inherited)",
					"@executable_path/Frameworks",
					"@executable_path/../../Frameworks",
				);
				"LD_RUNPATH_SEARCH_PATHS[sdk=macosx*]" = (
					"$(inherited)",
					"@executable_path/../Frameworks",
					"@executable_path/../../../../Frameworks",
				);
				MACOSX_DEPLOYMENT_TARGET = 26.5;
				MARKETING_VERSION = 2.0.2;
				PRODUCT_BUNDLE_IDENTIFIER = com.codybrom.blankie.BlankieWidget;
				PRODUCT_NAME = "$(TARGET_NAME)";
				REGISTER_APP_GROUPS = YES;
				SDKROOT = auto;
				SKIP_INSTALL = YES;
				STRING_CATALOG_GENERATE_SYMBOLS = YES;
				SUPPORTED_PLATFORMS = "iphoneos iphonesimulator macosx xros xrsimulator";
				SWIFT_ACTIVE_COMPILATION_CONDITIONS = WIDGET_EXTENSION;
				SWIFT_APPROACHABLE_CONCURRENCY = YES;
				SWIFT_DEFAULT_ACTOR_ISOLATION = MainActor;
				SWIFT_EMIT_LOC_STRINGS = YES;
				SWIFT_STRICT_CONCURRENCY = complete;
				SWIFT_UPCOMING_FEATURE_MEMBER_IMPORT_VISIBILITY = YES;
				SWIFT_VERSION = 6.0;
				TARGETED_DEVICE_FAMILY = "1,2,7";
				XROS_DEPLOYMENT_TARGET = 26.5;
			};
			name = "Debug-CarPlay";
		};
		F91C1C972FF54C8200C58FC6 /* Release configuration for PBXNativeTarget "BlankieWidgetExtension" */ = {
			isa = XCBuildConfiguration;
			buildSettings = {
				ASSETCATALOG_COMPILER_GLOBAL_ACCENT_COLOR_NAME = AccentColor;
				ASSETCATALOG_COMPILER_WIDGET_BACKGROUND_COLOR_NAME = WidgetBackground;
				CLANG_ANALYZER_NONNULL = YES;
				CLANG_ENABLE_MODULES = YES;
				CLANG_WARN_DIRECT_OBJC_ISA_USAGE = YES_ERROR;
				CODE_SIGN_ENTITLEMENTS = BlankieWidget/BlankieWidget.entitlements;
				CODE_SIGN_STYLE = Automatic;
				CURRENT_PROJECT_VERSION = "$(CURRENT_PROJECT_VERSION)";
				ENABLE_APP_SANDBOX = YES;
				ENABLE_HARDENED_RUNTIME = YES;
				ENABLE_USER_SCRIPT_SANDBOXING = YES;
				GENERATE_INFOPLIST_FILE = YES;
				INFOPLIST_FILE = BlankieWidget/Info.plist;
				INFOPLIST_KEY_CFBundleDisplayName = BlankieWidget;
				INFOPLIST_KEY_NSHumanReadableCopyright = "";
				IPHONEOS_DEPLOYMENT_TARGET = 26.5;
				LD_RUNPATH_SEARCH_PATHS = (
					"$(inherited)",
					"@executable_path/Frameworks",
					"@executable_path/../../Frameworks",
				);
				"LD_RUNPATH_SEARCH_PATHS[sdk=macosx*]" = (
					"$(inherited)",
					"@executable_path/../Frameworks",
					"@executable_path/../../../../Frameworks",
				);
				MACOSX_DEPLOYMENT_TARGET = 26.5;
				MARKETING_VERSION = 2.0.2;
				PRODUCT_BUNDLE_IDENTIFIER = com.codybrom.blankie.BlankieWidget;
				PRODUCT_NAME = "$(TARGET_NAME)";
				REGISTER_APP_GROUPS = YES;
				SDKROOT = auto;
				SKIP_INSTALL = YES;
				STRING_CATALOG_GENERATE_SYMBOLS = YES;
				SUPPORTED_PLATFORMS = "iphoneos iphonesimulator macosx xros xrsimulator";
				SWIFT_ACTIVE_COMPILATION_CONDITIONS = WIDGET_EXTENSION;
				SWIFT_APPROACHABLE_CONCURRENCY = YES;
				SWIFT_DEFAULT_ACTOR_ISOLATION = MainActor;
				SWIFT_EMIT_LOC_STRINGS = YES;
				SWIFT_STRICT_CONCURRENCY = complete;
				SWIFT_UPCOMING_FEATURE_MEMBER_IMPORT_VISIBILITY = YES;
				SWIFT_VERSION = 6.0;
				TARGETED_DEVICE_FAMILY = "1,2,7";
				XROS_DEPLOYMENT_TARGET = 26.5;
			};
			name = Release;
		};
		F91C1C982FF54C8200C58FC6 /* Release-CarPlay configuration for PBXNativeTarget "BlankieWidgetExtension" */ = {
			isa = XCBuildConfiguration;
			buildSettings = {
				ASSETCATALOG_COMPILER_GLOBAL_ACCENT_COLOR_NAME = AccentColor;
				ASSETCATALOG_COMPILER_WIDGET_BACKGROUND_COLOR_NAME = WidgetBackground;
				CLANG_ANALYZER_NONNULL = YES;
				CLANG_ENABLE_MODULES = YES;
				CLANG_WARN_DIRECT_OBJC_ISA_USAGE = YES_ERROR;
				CODE_SIGN_ENTITLEMENTS = BlankieWidget/BlankieWidget.entitlements;
				CODE_SIGN_STYLE = Automatic;
				CURRENT_PROJECT_VERSION = "$(CURRENT_PROJECT_VERSION)";
				ENABLE_APP_SANDBOX = YES;
				ENABLE_HARDENED_RUNTIME = YES;
				ENABLE_USER_SCRIPT_SANDBOXING = YES;
				GENERATE_INFOPLIST_FILE = YES;
				INFOPLIST_FILE = BlankieWidget/Info.plist;
				INFOPLIST_KEY_CFBundleDisplayName = BlankieWidget;
				INFOPLIST_KEY_NSHumanReadableCopyright = "";
				IPHONEOS_DEPLOYMENT_TARGET = 26.5;
				LD_RUNPATH_SEARCH_PATHS = (
					"$(inherited)",
					"@executable_path/Frameworks",
					"@executable_path/../../Frameworks",
				);
				"LD_RUNPATH_SEARCH_PATHS[sdk=macosx*]" = (
					"$(inherited)",
					"@executable_path/../Frameworks",
					"@executable_path/../../../../Frameworks",
				);
				MACOSX_DEPLOYMENT_TARGET = 26.5;
				MARKETING_VERSION = 2.0.2;
				PRODUCT_BUNDLE_IDENTIFIER = com.codybrom.blankie.BlankieWidget;
				PRODUCT_NAME = "$(TARGET_NAME)";
				REGISTER_APP_GROUPS = YES;
				SDKROOT = auto;
				SKIP_INSTALL = YES;
				STRING_CATALOG_GENERATE_SYMBOLS = YES;
				SUPPORTED_PLATFORMS = "iphoneos iphonesimulator macosx xros xrsimulator";
				SWIFT_ACTIVE_COMPILATION_CONDITIONS = WIDGET_EXTENSION;
				SWIFT_APPROACHABLE_CONCURRENCY = YES;
				SWIFT_DEFAULT_ACTOR_ISOLATION = MainActor;
				SWIFT_EMIT_LOC_STRINGS = YES;
				SWIFT_STRICT_CONCURRENCY = complete;
				SWIFT_UPCOMING_FEATURE_MEMBER_IMPORT_VISIBILITY = YES;
				SWIFT_VERSION = 6.0;
				TARGETED_DEVICE_FAMILY = "1,2,7";
				XROS_DEPLOYMENT_TARGET = 26.5;
			};
			name = "Release-CarPlay";
		};
		F94CB7A92FEA47920077688E /* Debug configuration for PBXNativeTarget "BlankiePresetPreview" */ = {
			isa = XCBuildConfiguration;
			buildSettings = {
				CLANG_ANALYZER_NONNULL = YES;
				CLANG_ENABLE_MODULES = YES;
				CLANG_WARN_DIRECT_OBJC_ISA_USAGE = YES_ERROR;
				CODE_SIGN_IDENTITY = "$(CODE_SIGN_IDENTITY)";
				CODE_SIGN_STYLE = Automatic;
				CURRENT_PROJECT_VERSION = "$(CURRENT_PROJECT_VERSION)";
				ENABLE_USER_SCRIPT_SANDBOXING = YES;
				GENERATE_INFOPLIST_FILE = YES;
				INFOPLIST_FILE = BlankiePresetPreview/Info.plist;
				INFOPLIST_KEY_CFBundleDisplayName = BlankiePresetPreview;
				INFOPLIST_KEY_NSHumanReadableCopyright = "";
				IPHONEOS_DEPLOYMENT_TARGET = 26.4;
				LD_RUNPATH_SEARCH_PATHS = (
					"$(inherited)",
					"@executable_path/Frameworks",
					"@executable_path/../../Frameworks",
				);
				MARKETING_VERSION = 2.0.2;
				PRODUCT_BUNDLE_IDENTIFIER = "$(PRODUCT_BUNDLE_IDENTIFIER).BlankiePresetPreview";
				PRODUCT_NAME = "$(TARGET_NAME)";
				SDKROOT = iphoneos;
				SKIP_INSTALL = YES;
				STRING_CATALOG_GENERATE_SYMBOLS = YES;
				SWIFT_APPROACHABLE_CONCURRENCY = YES;
				SWIFT_EMIT_LOC_STRINGS = YES;
				SWIFT_UPCOMING_FEATURE_MEMBER_IMPORT_VISIBILITY = YES;
				SWIFT_VERSION = 6.0;
				TARGETED_DEVICE_FAMILY = "1,2";
			};
			name = Debug;
		};
		F94CB7AA2FEA47920077688E /* Debug-CarPlay configuration for PBXNativeTarget "BlankiePresetPreview" */ = {
			isa = XCBuildConfiguration;
			buildSettings = {
				CLANG_ANALYZER_NONNULL = YES;
				CLANG_ENABLE_MODULES = YES;
				CLANG_WARN_DIRECT_OBJC_ISA_USAGE = YES_ERROR;
				CODE_SIGN_IDENTITY = "$(CODE_SIGN_IDENTITY)";
				CODE_SIGN_STYLE = Automatic;
				CURRENT_PROJECT_VERSION = "$(CURRENT_PROJECT_VERSION)";
				ENABLE_USER_SCRIPT_SANDBOXING = YES;
				GENERATE_INFOPLIST_FILE = YES;
				INFOPLIST_FILE = BlankiePresetPreview/Info.plist;
				INFOPLIST_KEY_CFBundleDisplayName = BlankiePresetPreview;
				INFOPLIST_KEY_NSHumanReadableCopyright = "";
				IPHONEOS_DEPLOYMENT_TARGET = 26.4;
				LD_RUNPATH_SEARCH_PATHS = (
					"$(inherited)",
					"@executable_path/Frameworks",
					"@executable_path/../../Frameworks",
				);
				MARKETING_VERSION = 2.0.2;
				PRODUCT_BUNDLE_IDENTIFIER = "$(PRODUCT_BUNDLE_IDENTIFIER).BlankiePresetPreview";
				PRODUCT_NAME = "$(TARGET_NAME)";
				SDKROOT = iphoneos;
				SKIP_INSTALL = YES;
				STRING_CATALOG_GENERATE_SYMBOLS = YES;
				SWIFT_APPROACHABLE_CONCURRENCY = YES;
				SWIFT_EMIT_LOC_STRINGS = YES;
				SWIFT_UPCOMING_FEATURE_MEMBER_IMPORT_VISIBILITY = YES;
				SWIFT_VERSION = 6.0;
				TARGETED_DEVICE_FAMILY = "1,2";
			};
			name = "Debug-CarPlay";
		};
		F94CB7AB2FEA47920077688E /* Release configuration for PBXNativeTarget "BlankiePresetPreview" */ = {
			isa = XCBuildConfiguration;
			buildSettings = {
				CLANG_ANALYZER_NONNULL = YES;
				CLANG_ENABLE_MODULES = YES;
				CLANG_WARN_DIRECT_OBJC_ISA_USAGE = YES_ERROR;
				CODE_SIGN_STYLE = Automatic;
				CURRENT_PROJECT_VERSION = "$(CURRENT_PROJECT_VERSION)";
				ENABLE_USER_SCRIPT_SANDBOXING = YES;
				GENERATE_INFOPLIST_FILE = YES;
				INFOPLIST_FILE = BlankiePresetPreview/Info.plist;
				INFOPLIST_KEY_CFBundleDisplayName = BlankiePresetPreview;
				INFOPLIST_KEY_NSHumanReadableCopyright = "";
				IPHONEOS_DEPLOYMENT_TARGET = 26.4;
				LD_RUNPATH_SEARCH_PATHS = (
					"$(inherited)",
					"@executable_path/Frameworks",
					"@executable_path/../../Frameworks",
				);
				MARKETING_VERSION = 2.0.2;
				PRODUCT_BUNDLE_IDENTIFIER = "$(PRODUCT_BUNDLE_IDENTIFIER).BlankiePresetPreview";
				PRODUCT_NAME = "$(TARGET_NAME)";
				SDKROOT = iphoneos;
				SKIP_INSTALL = YES;
				STRING_CATALOG_GENERATE_SYMBOLS = YES;
				SWIFT_APPROACHABLE_CONCURRENCY = YES;
				SWIFT_EMIT_LOC_STRINGS = YES;
				SWIFT_UPCOMING_FEATURE_MEMBER_IMPORT_VISIBILITY = YES;
				SWIFT_VERSION = 6.0;
				TARGETED_DEVICE_FAMILY = "1,2";
				VALIDATE_PRODUCT = YES;
			};
			name = Release;
		};
		F94CB7AC2FEA47920077688E /* Release-CarPlay configuration for PBXNativeTarget "BlankiePresetPreview" */ = {
			isa = XCBuildConfiguration;
			buildSettings = {
				CLANG_ANALYZER_NONNULL = YES;
				CLANG_ENABLE_MODULES = YES;
				CLANG_WARN_DIRECT_OBJC_ISA_USAGE = YES_ERROR;
				CODE_SIGN_STYLE = Automatic;
				CURRENT_PROJECT_VERSION = "$(CURRENT_PROJECT_VERSION)";
				ENABLE_USER_SCRIPT_SANDBOXING = YES;
				GENERATE_INFOPLIST_FILE = YES;
				INFOPLIST_FILE = BlankiePresetPreview/Info.plist;
				INFOPLIST_KEY_CFBundleDisplayName = BlankiePresetPreview;
				INFOPLIST_KEY_NSHumanReadableCopyright = "";
				IPHONEOS_DEPLOYMENT_TARGET = 26.4;
				LD_RUNPATH_SEARCH_PATHS = (
					"$(inherited)",
					"@executable_path/Frameworks",
					"@executable_path/../../Frameworks",
				);
				MARKETING_VERSION = 2.0.2;
				PRODUCT_BUNDLE_IDENTIFIER = "$(PRODUCT_BUNDLE_IDENTIFIER).BlankiePresetPreview";
				PRODUCT_NAME = "$(TARGET_NAME)";
				SDKROOT = iphoneos;
				SKIP_INSTALL = YES;
				STRING_CATALOG_GENERATE_SYMBOLS = YES;
				SWIFT_APPROACHABLE_CONCURRENCY = YES;
				SWIFT_EMIT_LOC_STRINGS = YES;
				SWIFT_UPCOMING_FEATURE_MEMBER_IMPORT_VISIBILITY = YES;
				SWIFT_VERSION = 6.0;
				TARGETED_DEVICE_FAMILY = "1,2";
				VALIDATE_PRODUCT = YES;
			};
			name = "Release-CarPlay";
		};
		F95914DA2FDF1D2300808460 /* Debug configuration for PBXNativeTarget "BlankieAssetDownloader" */ = {
			isa = XCBuildConfiguration;
			buildSettings = {
				CLANG_ANALYZER_NONNULL = YES;
				CLANG_ENABLE_MODULES = YES;
				CLANG_WARN_DIRECT_OBJC_ISA_USAGE = YES_ERROR;
				CODE_SIGN_ENTITLEMENTS = BlankieAssets/BlankieAssets.entitlements;
				CODE_SIGN_IDENTITY = "$(CODE_SIGN_IDENTITY)";
				CODE_SIGN_STYLE = Automatic;
				CURRENT_PROJECT_VERSION = "$(CURRENT_PROJECT_VERSION)";
				ENABLE_USER_SCRIPT_SANDBOXING = YES;
				GENERATE_INFOPLIST_FILE = YES;
				INFOPLIST_FILE = BlankieAssets/Info.plist;
				INFOPLIST_KEY_CFBundleDisplayName = BlankieAssets;
				INFOPLIST_KEY_NSHumanReadableCopyright = "";
				IPHONEOS_DEPLOYMENT_TARGET = 26.4;
				LD_RUNPATH_SEARCH_PATHS = (
					"$(inherited)",
					"@executable_path/Frameworks",
					"@executable_path/../../Frameworks",
				);
				MARKETING_VERSION = 2.0.2;
				PRODUCT_BUNDLE_IDENTIFIER = "$(PRODUCT_BUNDLE_IDENTIFIER).BlankieAssets";
				PRODUCT_NAME = "$(TARGET_NAME)";
				SDKROOT = iphoneos;
				SKIP_INSTALL = YES;
				STRING_CATALOG_GENERATE_SYMBOLS = YES;
				SUPPORTED_PLATFORMS = "iphoneos iphonesimulator";
				SUPPORTS_MACCATALYST = NO;
				SUPPORTS_MAC_DESIGNED_FOR_IPHONE_IPAD = NO;
				SUPPORTS_XR_DESIGNED_FOR_IPHONE_IPAD = NO;
				SWIFT_APPROACHABLE_CONCURRENCY = YES;
				SWIFT_EMIT_LOC_STRINGS = YES;
				SWIFT_UPCOMING_FEATURE_MEMBER_IMPORT_VISIBILITY = YES;
				SWIFT_VERSION = 6.0;
				TARGETED_DEVICE_FAMILY = "1,2";
			};
			name = Debug;
		};
		F95914DB2FDF1D2300808460 /* Debug-CarPlay configuration for PBXNativeTarget "BlankieAssetDownloader" */ = {
			isa = XCBuildConfiguration;
			buildSettings = {
				CLANG_ANALYZER_NONNULL = YES;
				CLANG_ENABLE_MODULES = YES;
				CLANG_WARN_DIRECT_OBJC_ISA_USAGE = YES_ERROR;
				CODE_SIGN_ENTITLEMENTS = BlankieAssets/BlankieAssets.entitlements;
				CODE_SIGN_IDENTITY = "$(CODE_SIGN_IDENTITY)";
				CODE_SIGN_STYLE = Automatic;
				CURRENT_PROJECT_VERSION = "$(CURRENT_PROJECT_VERSION)";
				ENABLE_USER_SCRIPT_SANDBOXING = YES;
				GENERATE_INFOPLIST_FILE = YES;
				INFOPLIST_FILE = BlankieAssets/Info.plist;
				INFOPLIST_KEY_CFBundleDisplayName = BlankieAssets;
				INFOPLIST_KEY_NSHumanReadableCopyright = "";
				IPHONEOS_DEPLOYMENT_TARGET = 26.4;
				LD_RUNPATH_SEARCH_PATHS = (
					"$(inherited)",
					"@executable_path/Frameworks",
					"@executable_path/../../Frameworks",
				);
				MARKETING_VERSION = 2.0.2;
				PRODUCT_BUNDLE_IDENTIFIER = "$(PRODUCT_BUNDLE_IDENTIFIER).BlankieAssets";
				PRODUCT_NAME = "$(TARGET_NAME)";
				SDKROOT = iphoneos;
				SKIP_INSTALL = YES;
				STRING_CATALOG_GENERATE_SYMBOLS = YES;
				SUPPORTED_PLATFORMS = "iphoneos iphonesimulator";
				SUPPORTS_MACCATALYST = NO;
				SUPPORTS_MAC_DESIGNED_FOR_IPHONE_IPAD = NO;
				SUPPORTS_XR_DESIGNED_FOR_IPHONE_IPAD = NO;
				SWIFT_APPROACHABLE_CONCURRENCY = YES;
				SWIFT_EMIT_LOC_STRINGS = YES;
				SWIFT_UPCOMING_FEATURE_MEMBER_IMPORT_VISIBILITY = YES;
				SWIFT_VERSION = 6.0;
				TARGETED_DEVICE_FAMILY = "1,2";
			};
			name = "Debug-CarPlay";
		};
		F95914DC2FDF1D2300808460 /* Release configuration for PBXNativeTarget "BlankieAssetDownloader" */ = {
			isa = XCBuildConfiguration;
			buildSettings = {
				CLANG_ANALYZER_NONNULL = YES;
				CLANG_ENABLE_MODULES = YES;
				CLANG_WARN_DIRECT_OBJC_ISA_USAGE = YES_ERROR;
				CODE_SIGN_ENTITLEMENTS = BlankieAssets/BlankieAssets.entitlements;
				CODE_SIGN_STYLE = Automatic;
				CURRENT_PROJECT_VERSION = "$(CURRENT_PROJECT_VERSION)";
				ENABLE_USER_SCRIPT_SANDBOXING = YES;
				GENERATE_INFOPLIST_FILE = YES;
				INFOPLIST_FILE = BlankieAssets/Info.plist;
				INFOPLIST_KEY_CFBundleDisplayName = BlankieAssets;
				INFOPLIST_KEY_NSHumanReadableCopyright = "";
				IPHONEOS_DEPLOYMENT_TARGET = 26.4;
				LD_RUNPATH_SEARCH_PATHS = (
					"$(inherited)",
					"@executable_path/Frameworks",
					"@executable_path/../../Frameworks",
				);
				MARKETING_VERSION = 2.0.2;
				PRODUCT_BUNDLE_IDENTIFIER = "$(PRODUCT_BUNDLE_IDENTIFIER).BlankieAssets";
				PRODUCT_NAME = "$(TARGET_NAME)";
				SDKROOT = iphoneos;
				SKIP_INSTALL = YES;
				STRING_CATALOG_GENERATE_SYMBOLS = YES;
				SUPPORTED_PLATFORMS = "iphoneos iphonesimulator";
				SUPPORTS_MACCATALYST = NO;
				SUPPORTS_MAC_DESIGNED_FOR_IPHONE_IPAD = NO;
				SUPPORTS_XR_DESIGNED_FOR_IPHONE_IPAD = NO;
				SWIFT_APPROACHABLE_CONCURRENCY = YES;
				SWIFT_EMIT_LOC_STRINGS = YES;
				SWIFT_UPCOMING_FEATURE_MEMBER_IMPORT_VISIBILITY = YES;
				SWIFT_VERSION = 6.0;
				TARGETED_DEVICE_FAMILY = "1,2";
				VALIDATE_PRODUCT = YES;
			};
			name = Release;
		};
		F95914DD2FDF1D2300808460 /* Release-CarPlay configuration for PBXNativeTarget "BlankieAssetDownloader" */ = {
			isa = XCBuildConfiguration;
			buildSettings = {
				CLANG_ANALYZER_NONNULL = YES;
				CLANG_ENABLE_MODULES = YES;
				CLANG_WARN_DIRECT_OBJC_ISA_USAGE = YES_ERROR;
				CODE_SIGN_ENTITLEMENTS = BlankieAssets/BlankieAssets.entitlements;
				CODE_SIGN_STYLE = Automatic;
				CURRENT_PROJECT_VERSION = "$(CURRENT_PROJECT_VERSION)";
				ENABLE_USER_SCRIPT_SANDBOXING = YES;
				GENERATE_INFOPLIST_FILE = YES;
				INFOPLIST_FILE = BlankieAssets/Info.plist;
				INFOPLIST_KEY_CFBundleDisplayName = BlankieAssets;
				INFOPLIST_KEY_NSHumanReadableCopyright = "";
				IPHONEOS_DEPLOYMENT_TARGET = 26.4;
				LD_RUNPATH_SEARCH_PATHS = (
					"$(inherited)",
					"@executable_path/Frameworks",
					"@executable_path/../../Frameworks",
				);
				MARKETING_VERSION = 2.0.2;
				PRODUCT_BUNDLE_IDENTIFIER = "$(PRODUCT_BUNDLE_IDENTIFIER).BlankieAssets";
				PRODUCT_NAME = "$(TARGET_NAME)";
				SDKROOT = iphoneos;
				SKIP_INSTALL = YES;
				STRING_CATALOG_GENERATE_SYMBOLS = YES;
				SUPPORTED_PLATFORMS = "iphoneos iphonesimulator";
				SUPPORTS_MACCATALYST = NO;
				SUPPORTS_MAC_DESIGNED_FOR_IPHONE_IPAD = NO;
				SUPPORTS_XR_DESIGNED_FOR_IPHONE_IPAD = NO;
				SWIFT_APPROACHABLE_CONCURRENCY = YES;
				SWIFT_EMIT_LOC_STRINGS = YES;
				SWIFT_UPCOMING_FEATURE_MEMBER_IMPORT_VISIBILITY = YES;
				SWIFT_VERSION = 6.0;
				TARGETED_DEVICE_FAMILY = "1,2";
				VALIDATE_PRODUCT = YES;
			};
			name = "Release-CarPlay";
		};
		F9E62BDE2DE8BD360004A3F8 /* Debug-CarPlay configuration for PBXProject "Blankie" */ = {
			isa = XCBuildConfiguration;
			baseConfigurationReference = F921ED992D272AE300D4F3D3 /* Configuration.xcconfig */;
			buildSettings = {
				AGVTOOL_KEYCHAIN = "";
				ALWAYS_SEARCH_USER_PATHS = NO;
				ASSETCATALOG_COMPILER_GENERATE_SWIFT_ASSET_SYMBOL_EXTENSIONS = YES;
				CLANG_ANALYZER_LOCALIZABILITY_NONLOCALIZED = YES;
				CLANG_ANALYZER_NUMBER_OBJECT_CONVERSION = YES_AGGRESSIVE;
				CLANG_CXX_LANGUAGE_STANDARD = "gnu++20";
				CLANG_ENABLE_OBJC_ARC = YES;
				CLANG_ENABLE_OBJC_WEAK = YES;
				CLANG_WARN_BLOCK_CAPTURE_AUTORELEASING = YES;
				CLANG_WARN_BOOL_CONVERSION = YES;
				CLANG_WARN_COMMA = YES;
				CLANG_WARN_CONSTANT_CONVERSION = YES;
				CLANG_WARN_DEPRECATED_OBJC_IMPLEMENTATIONS = YES;
				CLANG_WARN_DIRECT_OBJC_ISA_USAGE = YES;
				CLANG_WARN_DOCUMENTATION_COMMENTS = YES;
				CLANG_WARN_EMPTY_BODY = YES;
				CLANG_WARN_ENUM_CONVERSION = YES;
				CLANG_WARN_INFINITE_RECURSION = YES;
				CLANG_WARN_INT_CONVERSION = YES;
				CLANG_WARN_NON_LITERAL_NULL_CONVERSION = YES;
				CLANG_WARN_OBJC_IMPLICIT_RETAIN_SELF = YES;
				CLANG_WARN_OBJC_LITERAL_CONVERSION = YES;
				CLANG_WARN_OBJC_ROOT_CLASS = YES_ERROR;
				CLANG_WARN_QUOTED_INCLUDE_IN_FRAMEWORK_HEADER = YES;
				CLANG_WARN_RANGE_LOOP_ANALYSIS = YES;
				CLANG_WARN_STRICT_PROTOTYPES = YES;
				CLANG_WARN_SUSPICIOUS_MOVE = YES;
				CLANG_WARN_UNGUARDED_AVAILABILITY = YES_AGGRESSIVE;
				CLANG_WARN_UNREACHABLE_CODE = YES;
				CLANG_WARN__DUPLICATE_METHOD_MATCH = YES;
				COPY_PHASE_STRIP = NO;
				CURRENT_PROJECT_VERSION = "$(CURRENT_PROJECT_VERSION)";
				DEAD_CODE_STRIPPING = YES;
				DEBUG_INFORMATION_FORMAT = dwarf;
				DEVELOPMENT_TEAM = "$(DEVELOPMENT_TEAM)";
				ENABLE_PREVIEWS = YES;
				ENABLE_STRICT_OBJC_MSGSEND = YES;
				ENABLE_TESTABILITY = YES;
				ENABLE_USER_SCRIPT_SANDBOXING = NO;
				GCC_C_LANGUAGE_STANDARD = gnu17;
				GCC_DYNAMIC_NO_PIC = NO;
				GCC_NO_COMMON_BLOCKS = YES;
				GCC_OPTIMIZATION_LEVEL = 0;
				GCC_PREPROCESSOR_DEFINITIONS = (
					"DEBUG=1",
					"$(inherited)",
				);
				GCC_WARN_64_TO_32_BIT_CONVERSION = YES;
				GCC_WARN_ABOUT_RETURN_TYPE = YES_ERROR;
				GCC_WARN_UNDECLARED_SELECTOR = YES;
				GCC_WARN_UNINITIALIZED_AUTOS = YES_AGGRESSIVE;
				GCC_WARN_UNUSED_FUNCTION = YES;
				GCC_WARN_UNUSED_VARIABLE = YES;
				LOCALIZATION_PREFERS_STRING_CATALOGS = YES;
				MTL_ENABLE_DEBUG_INFO = INCLUDE_SOURCE;
				MTL_FAST_MATH = YES;
				ONLY_ACTIVE_ARCH = YES;
				STRING_CATALOG_GENERATE_SYMBOLS = YES;
				SWIFT_ACTIVE_COMPILATION_CONDITIONS = "DEBUG $(inherited)";
				SWIFT_EMIT_LOC_STRINGS = YES;
				SWIFT_OPTIMIZATION_LEVEL = "-Onone";
				SWIFT_VERSION = 6.0;
			};
			name = "Debug-CarPlay";
		};
		F9E62BDF2DE8BD360004A3F8 /* Debug-CarPlay configuration for PBXNativeTarget "Blankie" */ = {
			isa = XCBuildConfiguration;
			baseConfigurationReference = F921ED992D272AE300D4F3D3 /* Configuration.xcconfig */;
			buildSettings = {
				AGVTOOL_KEYCHAIN = agvtool_keychain;
				AGVTOOL_VERSIONING = YES;
				ASSETCATALOG_COMPILER_APPICON_NAME = BlankieAppIcon;
				ASSETCATALOG_COMPILER_GLOBAL_ACCENT_COLOR_NAME = AccentColor;
				ASSETCATALOG_COMPILER_INCLUDE_ALL_APPICON_ASSETS = YES;
				CODE_SIGN_ENTITLEMENTS = "Blankie-CarPlay.entitlements";
				"CODE_SIGN_ENTITLEMENTS[sdk=macosx*]" = "Blankie-macOS.entitlements";
				CODE_SIGN_IDENTITY = "$(CODE_SIGN_IDENTITY)";
				CODE_SIGN_STYLE = Automatic;
				CURRENT_PROJECT_VERSION = "$(CURRENT_PROJECT_VERSION)";
				DEAD_CODE_STRIPPING = YES;
				EMBED_ASSET_PACKS_IN_PRODUCT_BUNDLE = YES;
				ENABLE_APP_SANDBOX = YES;
				ENABLE_HARDENED_RUNTIME = YES;
				ENABLE_USER_SELECTED_FILES = readwrite;
				GENERATE_INFOPLIST_FILE = YES;
				INFOPLIST_FILE = "Blankie-CarPlay.plist";
				INFOPLIST_KEY_CFBundleDisplayName = Blankie;
				INFOPLIST_KEY_ITSAppUsesNonExemptEncryption = NO;
				INFOPLIST_KEY_LSApplicationCategoryType = "public.app-category.healthcare-fitness";
				INFOPLIST_KEY_LSSupportsOpeningDocumentsInPlace = YES;
				INFOPLIST_KEY_NSHumanReadableCopyright = "© 2026 Cody Bromley and contributors. All rights reserved.";
				INFOPLIST_KEY_NSMotionUsageDescription = "Blankie shows your live listening direction in the Spatial Mix using your headphones' head position.";
				"INFOPLIST_KEY_UIApplicationSceneManifest_Generation[sdk=iphoneos*]" = NO;
				"INFOPLIST_KEY_UIApplicationSceneManifest_Generation[sdk=iphonesimulator*]" = NO;
				INFOPLIST_KEY_UIApplicationSupportsIndirectInputEvents = YES;
				"INFOPLIST_KEY_UIApplicationSupportsIndirectInputEvents[sdk=iphoneos*]" = YES;
				"INFOPLIST_KEY_UIApplicationSupportsIndirectInputEvents[sdk=iphonesimulator*]" = YES;
				INFOPLIST_KEY_UIFileSharingEnabled = YES;
				"INFOPLIST_KEY_UILaunchScreen_Generation[sdk=iphoneos*]" = YES;
				"INFOPLIST_KEY_UILaunchScreen_Generation[sdk=iphonesimulator*]" = YES;
				INFOPLIST_KEY_UIRequiredDeviceCapabilities = arm64;
				INFOPLIST_KEY_UIStatusBarHidden = NO;
				INFOPLIST_KEY_UIStatusBarStyle = "";
				"INFOPLIST_KEY_UIStatusBarStyle[sdk=iphoneos*]" = UIStatusBarStyleDefault;
				"INFOPLIST_KEY_UIStatusBarStyle[sdk=iphonesimulator*]" = UIStatusBarStyleDefault;
				INFOPLIST_KEY_UISupportedInterfaceOrientations = "UIInterfaceOrientationLandscapeLeft UIInterfaceOrientationLandscapeRight UIInterfaceOrientationPortrait";
				INFOPLIST_KEY_UISupportedInterfaceOrientations_iPad = "UIInterfaceOrientationLandscapeLeft UIInterfaceOrientationLandscapeRight UIInterfaceOrientationPortrait UIInterfaceOrientationPortraitUpsideDown";
				INFOPLIST_KEY_UISupportsDocumentBrowser = YES;
				IPHONEOS_DEPLOYMENT_TARGET = 26.4;
				LD_RUNPATH_SEARCH_PATHS = "@executable_path/Frameworks";
				"LD_RUNPATH_SEARCH_PATHS[sdk=macosx*]" = "@executable_path/../Frameworks";
				MACOSX_DEPLOYMENT_TARGET = 26.0;
				MARKETING_VERSION = 2.0.2;
				"OTHER_SWIFT_FLAGS[sdk=iphoneos*]" = "-DCARPLAY_ENABLED";
				"OTHER_SWIFT_FLAGS[sdk=iphonesimulator*]" = "-DCARPLAY_ENABLED";
				PRODUCT_BUNDLE_IDENTIFIER = "$(PRODUCT_BUNDLE_IDENTIFIER)";
				"PRODUCT_BUNDLE_IDENTIFIER[sdk=macosx*]" = "$(PRODUCT_BUNDLE_IDENTIFIER)";
				PRODUCT_NAME = "$(TARGET_NAME)";
				PROVISIONING_PROFILE_SPECIFIER = "";
				REGISTER_APP_GROUPS = YES;
				SDKROOT = iphoneos;
				SUPPORTED_PLATFORMS = "iphoneos iphonesimulator macosx";
				SUPPORTS_MACCATALYST = NO;
				SWIFT_APPROACHABLE_CONCURRENCY = YES;
				SWIFT_DEFAULT_ACTOR_ISOLATION = MainActor;
				SWIFT_EMIT_LOC_STRINGS = YES;
				SWIFT_STRICT_CONCURRENCY = complete;
				SWIFT_VERSION = 6.0;
				TARGETED_DEVICE_FAMILY = "1,2";
				XROS_DEPLOYMENT_TARGET = 26.0;
			};
			name = "Debug-CarPlay";
		};
		F9E62BE02DE8BD360004A3F8 /* Debug-CarPlay configuration for PBXNativeTarget "BlankieTests" */ = {
			isa = XCBuildConfiguration;
			baseConfigurationReference = F921ED992D272AE300D4F3D3 /* Configuration.xcconfig */;
			buildSettings = {
				BUNDLE_LOADER = "$(TEST_HOST)";
				CLANG_ANALYZER_NONNULL = YES;
				CLANG_ENABLE_MODULES = YES;
				CLANG_WARN_DIRECT_OBJC_ISA_USAGE = YES_ERROR;
				CLANG_WARN_OBJC_IMPLICIT_RETAIN_SELF = YES;
				CLANG_WARN_RANGE_LOOP_ANALYSIS = YES;
				CLANG_WARN_SUSPICIOUS_MOVE = YES;
				CODE_SIGN_STYLE = Automatic;
				CURRENT_PROJECT_VERSION = "$(CURRENT_PROJECT_VERSION)";
				DEAD_CODE_STRIPPING = YES;
				ENABLE_USER_SCRIPT_SANDBOXING = YES;
				GENERATE_INFOPLIST_FILE = YES;
				INFOPLIST_KEY_NSMotionUsageDescription = "Blankie shows your live listening direction in the Spatial Mix using your headphones' head position.";
				IPHONEOS_DEPLOYMENT_TARGET = 26.4;
				MACOSX_DEPLOYMENT_TARGET = 26.0;
				MARKETING_VERSION = 2.0.2;
				PRODUCT_BUNDLE_IDENTIFIER = "$(PRODUCT_BUNDLE_IDENTIFIER).tests";
				"PRODUCT_BUNDLE_IDENTIFIER[sdk=macosx*]" = "$(PRODUCT_BUNDLE_IDENTIFIER).tests";
				PRODUCT_NAME = "$(TARGET_NAME)";
				SDKROOT = macosx;
				SUPPORTED_PLATFORMS = "iphoneos iphonesimulator macosx";
				SUPPORTS_MACCATALYST = NO;
				SWIFT_DEFAULT_ACTOR_ISOLATION = MainActor;
				SWIFT_EMIT_LOC_STRINGS = NO;
				SWIFT_VERSION = 6.0;
				TARGETED_DEVICE_FAMILY = 1;
				TEST_HOST = "$(BUILT_PRODUCTS_DIR)/Blankie.app/$(BUNDLE_EXECUTABLE_FOLDER_PATH)/Blankie";
			};
			name = "Debug-CarPlay";
		};
		F9E62BE12DE8BD360004A3F8 /* Debug-CarPlay configuration for PBXNativeTarget "BlankieUITests" */ = {
			isa = XCBuildConfiguration;
			baseConfigurationReference = F921ED992D272AE300D4F3D3 /* Configuration.xcconfig */;
			buildSettings = {
				CLANG_ANALYZER_NONNULL = YES;
				CLANG_ENABLE_MODULES = YES;
				CLANG_WARN_DIRECT_OBJC_ISA_USAGE = YES_ERROR;
				CLANG_WARN_OBJC_IMPLICIT_RETAIN_SELF = YES;
				CLANG_WARN_RANGE_LOOP_ANALYSIS = YES;
				CLANG_WARN_SUSPICIOUS_MOVE = YES;
				CODE_SIGN_STYLE = Automatic;
				CURRENT_PROJECT_VERSION = "$(CURRENT_PROJECT_VERSION)";
				DEAD_CODE_STRIPPING = YES;
				ENABLE_USER_SCRIPT_SANDBOXING = YES;
				GENERATE_INFOPLIST_FILE = YES;
				INFOPLIST_KEY_NSMotionUsageDescription = "Blankie shows your live listening direction in the Spatial Mix using your headphones' head position.";
				MACOSX_DEPLOYMENT_TARGET = 26.4;
				MARKETING_VERSION = 2.0.2;
				PRODUCT_BUNDLE_IDENTIFIER = "$(PRODUCT_BUNDLE_IDENTIFIER).uitests";
				PRODUCT_NAME = "$(TARGET_NAME)";
				SDKROOT = macosx;
				SWIFT_EMIT_LOC_STRINGS = NO;
				SWIFT_VERSION = 6.0;
				TEST_TARGET_NAME = Blankie;
			};
			name = "Debug-CarPlay";
		};
		F9E62BE22DE8BD410004A3F8 /* Release-CarPlay configuration for PBXProject "Blankie" */ = {
			isa = XCBuildConfiguration;
			baseConfigurationReference = F921ED992D272AE300D4F3D3 /* Configuration.xcconfig */;
			buildSettings = {
				AGVTOOL_KEYCHAIN = "";
				ALWAYS_SEARCH_USER_PATHS = NO;
				ASSETCATALOG_COMPILER_GENERATE_SWIFT_ASSET_SYMBOL_EXTENSIONS = YES;
				CLANG_ANALYZER_LOCALIZABILITY_NONLOCALIZED = YES;
				CLANG_ANALYZER_NUMBER_OBJECT_CONVERSION = YES_AGGRESSIVE;
				CLANG_CXX_LANGUAGE_STANDARD = "gnu++20";
				CLANG_ENABLE_OBJC_ARC = YES;
				CLANG_ENABLE_OBJC_WEAK = YES;
				CLANG_WARN_BLOCK_CAPTURE_AUTORELEASING = YES;
				CLANG_WARN_BOOL_CONVERSION = YES;
				CLANG_WARN_COMMA = YES;
				CLANG_WARN_CONSTANT_CONVERSION = YES;
				CLANG_WARN_DEPRECATED_OBJC_IMPLEMENTATIONS = YES;
				CLANG_WARN_DIRECT_OBJC_ISA_USAGE = YES;
				CLANG_WARN_DOCUMENTATION_COMMENTS = YES;
				CLANG_WARN_EMPTY_BODY = YES;
				CLANG_WARN_ENUM_CONVERSION = YES;
				CLANG_WARN_INFINITE_RECURSION = YES;
				CLANG_WARN_INT_CONVERSION = YES;
				CLANG_WARN_NON_LITERAL_NULL_CONVERSION = YES;
				CLANG_WARN_OBJC_IMPLICIT_RETAIN_SELF = YES;
				CLANG_WARN_OBJC_LITERAL_CONVERSION = YES;
				CLANG_WARN_OBJC_ROOT_CLASS = YES_ERROR;
				CLANG_WARN_QUOTED_INCLUDE_IN_FRAMEWORK_HEADER = YES;
				CLANG_WARN_RANGE_LOOP_ANALYSIS = YES;
				CLANG_WARN_STRICT_PROTOTYPES = YES;
				CLANG_WARN_SUSPICIOUS_MOVE = YES;
				CLANG_WARN_UNGUARDED_AVAILABILITY = YES_AGGRESSIVE;
				CLANG_WARN_UNREACHABLE_CODE = YES;
				CLANG_WARN__DUPLICATE_METHOD_MATCH = YES;
				COPY_PHASE_STRIP = NO;
				CURRENT_PROJECT_VERSION = "$(CURRENT_PROJECT_VERSION)";
				DEAD_CODE_STRIPPING = YES;
				DEBUG_INFORMATION_FORMAT = "dwarf-with-dsym";
				DEVELOPMENT_TEAM = "$(DEVELOPMENT_TEAM)";
				ENABLE_NS_ASSERTIONS = NO;
				ENABLE_PREVIEWS = YES;
				ENABLE_STRICT_OBJC_MSGSEND = YES;
				ENABLE_USER_SCRIPT_SANDBOXING = NO;
				GCC_C_LANGUAGE_STANDARD = gnu17;
				GCC_NO_COMMON_BLOCKS = YES;
				GCC_WARN_64_TO_32_BIT_CONVERSION = YES;
				GCC_WARN_ABOUT_RETURN_TYPE = YES_ERROR;
				GCC_WARN_UNDECLARED_SELECTOR = YES;
				GCC_WARN_UNINITIALIZED_AUTOS = YES_AGGRESSIVE;
				GCC_WARN_UNUSED_FUNCTION = YES;
				GCC_WARN_UNUSED_VARIABLE = YES;
				LOCALIZATION_PREFERS_STRING_CATALOGS = YES;
				MTL_ENABLE_DEBUG_INFO = NO;
				MTL_FAST_MATH = YES;
				STRING_CATALOG_GENERATE_SYMBOLS = YES;
				SWIFT_COMPILATION_MODE = wholemodule;
				SWIFT_EMIT_LOC_STRINGS = YES;
				SWIFT_VERSION = 6.0;
			};
			name = "Release-CarPlay";
		};
		F9E62BE32DE8BD410004A3F8 /* Release-CarPlay configuration for PBXNativeTarget "Blankie" */ = {
			isa = XCBuildConfiguration;
			baseConfigurationReference = F921ED992D272AE300D4F3D3 /* Configuration.xcconfig */;
			buildSettings = {
				AGVTOOL_KEYCHAIN = agvtool_keychain;
				AGVTOOL_VERSIONING = YES;
				ASSETCATALOG_COMPILER_APPICON_NAME = BlankieAppIcon;
				ASSETCATALOG_COMPILER_GLOBAL_ACCENT_COLOR_NAME = AccentColor;
				ASSETCATALOG_COMPILER_INCLUDE_ALL_APPICON_ASSETS = YES;
				CODE_SIGN_ENTITLEMENTS = "Blankie-CarPlay.entitlements";
				"CODE_SIGN_ENTITLEMENTS[sdk=macosx*]" = "Blankie-macOS.entitlements";
				"CODE_SIGN_IDENTITY[sdk=macosx*]" = "$(CODE_SIGN_IDENTITY)";
				CODE_SIGN_STYLE = Automatic;
				CURRENT_PROJECT_VERSION = "$(CURRENT_PROJECT_VERSION)";
				DEAD_CODE_STRIPPING = YES;
				ENABLE_APP_SANDBOX = YES;
				ENABLE_HARDENED_RUNTIME = YES;
				ENABLE_USER_SELECTED_FILES = readwrite;
				GENERATE_INFOPLIST_FILE = YES;
				INFOPLIST_FILE = "Blankie-CarPlay.plist";
				INFOPLIST_KEY_CFBundleDisplayName = Blankie;
				INFOPLIST_KEY_ITSAppUsesNonExemptEncryption = NO;
				INFOPLIST_KEY_LSApplicationCategoryType = "public.app-category.healthcare-fitness";
				INFOPLIST_KEY_LSSupportsOpeningDocumentsInPlace = YES;
				INFOPLIST_KEY_NSHumanReadableCopyright = "© 2026 Cody Bromley and contributors. All rights reserved.";
				INFOPLIST_KEY_NSMotionUsageDescription = "Blankie shows your live listening direction in the Spatial Mix using your headphones' head position.";
				"INFOPLIST_KEY_UIApplicationSceneManifest_Generation[sdk=iphoneos*]" = NO;
				"INFOPLIST_KEY_UIApplicationSceneManifest_Generation[sdk=iphonesimulator*]" = NO;
				INFOPLIST_KEY_UIApplicationSupportsIndirectInputEvents = YES;
				"INFOPLIST_KEY_UIApplicationSupportsIndirectInputEvents[sdk=iphoneos*]" = YES;
				"INFOPLIST_KEY_UIApplicationSupportsIndirectInputEvents[sdk=iphonesimulator*]" = YES;
				INFOPLIST_KEY_UIFileSharingEnabled = YES;
				"INFOPLIST_KEY_UILaunchScreen_Generation[sdk=iphoneos*]" = YES;
				"INFOPLIST_KEY_UILaunchScreen_Generation[sdk=iphonesimulator*]" = YES;
				INFOPLIST_KEY_UIRequiredDeviceCapabilities = arm64;
				INFOPLIST_KEY_UIStatusBarHidden = NO;
				INFOPLIST_KEY_UIStatusBarStyle = "";
				"INFOPLIST_KEY_UIStatusBarStyle[sdk=iphoneos*]" = UIStatusBarStyleDefault;
				"INFOPLIST_KEY_UIStatusBarStyle[sdk=iphonesimulator*]" = UIStatusBarStyleDefault;
				INFOPLIST_KEY_UISupportedInterfaceOrientations = "UIInterfaceOrientationLandscapeLeft UIInterfaceOrientationLandscapeRight UIInterfaceOrientationPortrait";
				INFOPLIST_KEY_UISupportedInterfaceOrientations_iPad = "UIInterfaceOrientationLandscapeLeft UIInterfaceOrientationLandscapeRight UIInterfaceOrientationPortrait UIInterfaceOrientationPortraitUpsideDown";
				INFOPLIST_KEY_UISupportsDocumentBrowser = YES;
				IPHONEOS_DEPLOYMENT_TARGET = 26.4;
				LD_RUNPATH_SEARCH_PATHS = "@executable_path/Frameworks";
				"LD_RUNPATH_SEARCH_PATHS[sdk=macosx*]" = "@executable_path/../Frameworks";
				MACOSX_DEPLOYMENT_TARGET = 26.0;
				MARKETING_VERSION = 2.0.2;
				"OTHER_SWIFT_FLAGS[sdk=iphoneos*]" = "-DCARPLAY_ENABLED";
				"OTHER_SWIFT_FLAGS[sdk=iphonesimulator*]" = "-DCARPLAY_ENABLED";
				PRODUCT_BUNDLE_IDENTIFIER = "$(PRODUCT_BUNDLE_IDENTIFIER)";
				"PRODUCT_BUNDLE_IDENTIFIER[sdk=macosx*]" = "$(PRODUCT_BUNDLE_IDENTIFIER)";
				PRODUCT_NAME = "$(TARGET_NAME)";
				PROVISIONING_PROFILE_SPECIFIER = "";
				REGISTER_APP_GROUPS = YES;
				SDKROOT = iphoneos;
				SUPPORTED_PLATFORMS = "iphoneos iphonesimulator macosx";
				SUPPORTS_MACCATALYST = NO;
				SWIFT_APPROACHABLE_CONCURRENCY = YES;
				SWIFT_DEFAULT_ACTOR_ISOLATION = MainActor;
				SWIFT_EMIT_LOC_STRINGS = YES;
				SWIFT_STRICT_CONCURRENCY = complete;
				SWIFT_VERSION = 6.0;
				TARGETED_DEVICE_FAMILY = "1,2";
				VALIDATE_PRODUCT = YES;
				XROS_DEPLOYMENT_TARGET = 26.0;
			};
			name = "Release-CarPlay";
		};
		F9E62BE42DE8BD410004A3F8 /* Release-CarPlay configuration for PBXNativeTarget "BlankieTests" */ = {
			isa = XCBuildConfiguration;
			baseConfigurationReference = F921ED992D272AE300D4F3D3 /* Configuration.xcconfig */;
			buildSettings = {
				BUNDLE_LOADER = "$(TEST_HOST)";
				CLANG_ANALYZER_NONNULL = YES;
				CLANG_ENABLE_MODULES = YES;
				CLANG_WARN_DIRECT_OBJC_ISA_USAGE = YES_ERROR;
				CLANG_WARN_OBJC_IMPLICIT_RETAIN_SELF = YES;
				CLANG_WARN_RANGE_LOOP_ANALYSIS = YES;
				CLANG_WARN_SUSPICIOUS_MOVE = YES;
				CODE_SIGN_STYLE = Automatic;
				CURRENT_PROJECT_VERSION = "$(CURRENT_PROJECT_VERSION)";
				DEAD_CODE_STRIPPING = YES;
				ENABLE_USER_SCRIPT_SANDBOXING = YES;
				GENERATE_INFOPLIST_FILE = YES;
				INFOPLIST_KEY_NSMotionUsageDescription = "Blankie shows your live listening direction in the Spatial Mix using your headphones' head position.";
				IPHONEOS_DEPLOYMENT_TARGET = 26.4;
				MACOSX_DEPLOYMENT_TARGET = 26.0;
				MARKETING_VERSION = 2.0.2;
				PRODUCT_BUNDLE_IDENTIFIER = "$(PRODUCT_BUNDLE_IDENTIFIER).tests";
				"PRODUCT_BUNDLE_IDENTIFIER[sdk=macosx*]" = "$(PRODUCT_BUNDLE_IDENTIFIER).tests";
				PRODUCT_NAME = "$(TARGET_NAME)";
				SDKROOT = macosx;
				SUPPORTED_PLATFORMS = "iphoneos iphonesimulator macosx";
				SUPPORTS_MACCATALYST = NO;
				SWIFT_DEFAULT_ACTOR_ISOLATION = MainActor;
				SWIFT_EMIT_LOC_STRINGS = NO;
				SWIFT_VERSION = 6.0;
				TARGETED_DEVICE_FAMILY = 1;
				TEST_HOST = "$(BUILT_PRODUCTS_DIR)/Blankie.app/$(BUNDLE_EXECUTABLE_FOLDER_PATH)/Blankie";
			};
			name = "Release-CarPlay";
		};
		F9E62BE52DE8BD410004A3F8 /* Release-CarPlay configuration for PBXNativeTarget "BlankieUITests" */ = {
			isa = XCBuildConfiguration;
			baseConfigurationReference = F921ED992D272AE300D4F3D3 /* Configuration.xcconfig */;
			buildSettings = {
				CLANG_ANALYZER_NONNULL = YES;
				CLANG_ENABLE_MODULES = YES;
				CLANG_WARN_DIRECT_OBJC_ISA_USAGE = YES_ERROR;
				CLANG_WARN_OBJC_IMPLICIT_RETAIN_SELF = YES;
				CLANG_WARN_RANGE_LOOP_ANALYSIS = YES;
				CLANG_WARN_SUSPICIOUS_MOVE = YES;
				CODE_SIGN_STYLE = Automatic;
				CURRENT_PROJECT_VERSION = "$(CURRENT_PROJECT_VERSION)";
				DEAD_CODE_STRIPPING = YES;
				ENABLE_USER_SCRIPT_SANDBOXING = YES;
				GENERATE_INFOPLIST_FILE = YES;
				INFOPLIST_KEY_NSMotionUsageDescription = "Blankie shows your live listening direction in the Spatial Mix using your headphones' head position.";
				MACOSX_DEPLOYMENT_TARGET = 26.4;
				MARKETING_VERSION = 2.0.2;
				PRODUCT_BUNDLE_IDENTIFIER = "$(PRODUCT_BUNDLE_IDENTIFIER).uitests";
				PRODUCT_NAME = "$(TARGET_NAME)";
				SDKROOT = macosx;
				SWIFT_EMIT_LOC_STRINGS = NO;
				SWIFT_VERSION = 6.0;
				TEST_TARGET_NAME = Blankie;
			};
			name = "Release-CarPlay";
		};
		F9ED6BB12D321D3300240F13 /* Debug configuration for PBXNativeTarget "BlankieTests" */ = {
			isa = XCBuildConfiguration;
			baseConfigurationReference = F921ED992D272AE300D4F3D3 /* Configuration.xcconfig */;
			buildSettings = {
				BUNDLE_LOADER = "$(TEST_HOST)";
				CLANG_ANALYZER_NONNULL = YES;
				CLANG_ENABLE_MODULES = YES;
				CLANG_WARN_DIRECT_OBJC_ISA_USAGE = YES_ERROR;
				CLANG_WARN_OBJC_IMPLICIT_RETAIN_SELF = YES;
				CLANG_WARN_RANGE_LOOP_ANALYSIS = YES;
				CLANG_WARN_SUSPICIOUS_MOVE = YES;
				CODE_SIGN_STYLE = Automatic;
				CURRENT_PROJECT_VERSION = "$(CURRENT_PROJECT_VERSION)";
				DEAD_CODE_STRIPPING = YES;
				ENABLE_USER_SCRIPT_SANDBOXING = YES;
				GENERATE_INFOPLIST_FILE = YES;
				INFOPLIST_KEY_NSMotionUsageDescription = "Blankie shows your live listening direction in the Spatial Mix using your headphones' head position.";
				IPHONEOS_DEPLOYMENT_TARGET = 26.4;
				MACOSX_DEPLOYMENT_TARGET = 26.0;
				MARKETING_VERSION = 2.0.2;
				PRODUCT_BUNDLE_IDENTIFIER = "$(PRODUCT_BUNDLE_IDENTIFIER).tests";
				"PRODUCT_BUNDLE_IDENTIFIER[sdk=macosx*]" = "$(PRODUCT_BUNDLE_IDENTIFIER).tests";
				PRODUCT_NAME = "$(TARGET_NAME)";
				SDKROOT = macosx;
				SUPPORTED_PLATFORMS = "iphoneos iphonesimulator macosx";
				SUPPORTS_MACCATALYST = NO;
				SWIFT_DEFAULT_ACTOR_ISOLATION = MainActor;
				SWIFT_EMIT_LOC_STRINGS = NO;
				SWIFT_VERSION = 6.0;
				TARGETED_DEVICE_FAMILY = 1;
				TEST_HOST = "$(BUILT_PRODUCTS_DIR)/Blankie.app/$(BUNDLE_EXECUTABLE_FOLDER_PATH)/Blankie";
			};
			name = Debug;
		};
		F9ED6BB22D321D3300240F13 /* Release configuration for PBXNativeTarget "BlankieTests" */ = {
			isa = XCBuildConfiguration;
			baseConfigurationReference = F921ED992D272AE300D4F3D3 /* Configuration.xcconfig */;
			buildSettings = {
				BUNDLE_LOADER = "$(TEST_HOST)";
				CLANG_ANALYZER_NONNULL = YES;
				CLANG_ENABLE_MODULES = YES;
				CLANG_WARN_DIRECT_OBJC_ISA_USAGE = YES_ERROR;
				CLANG_WARN_OBJC_IMPLICIT_RETAIN_SELF = YES;
				CLANG_WARN_RANGE_LOOP_ANALYSIS = YES;
				CLANG_WARN_SUSPICIOUS_MOVE = YES;
				CODE_SIGN_STYLE = Automatic;
				CURRENT_PROJECT_VERSION = "$(CURRENT_PROJECT_VERSION)";
				DEAD_CODE_STRIPPING = YES;
				ENABLE_USER_SCRIPT_SANDBOXING = YES;
				GENERATE_INFOPLIST_FILE = YES;
				INFOPLIST_KEY_NSMotionUsageDescription = "Blankie shows your live listening direction in the Spatial Mix using your headphones' head position.";
				IPHONEOS_DEPLOYMENT_TARGET = 26.4;
				MACOSX_DEPLOYMENT_TARGET = 26.0;
				MARKETING_VERSION = 2.0.2;
				PRODUCT_BUNDLE_IDENTIFIER = "$(PRODUCT_BUNDLE_IDENTIFIER).tests";
				"PRODUCT_BUNDLE_IDENTIFIER[sdk=macosx*]" = "$(PRODUCT_BUNDLE_IDENTIFIER).tests";
				PRODUCT_NAME = "$(TARGET_NAME)";
				SDKROOT = macosx;
				SUPPORTED_PLATFORMS = "iphoneos iphonesimulator macosx";
				SUPPORTS_MACCATALYST = NO;
				SWIFT_DEFAULT_ACTOR_ISOLATION = MainActor;
				SWIFT_EMIT_LOC_STRINGS = NO;
				SWIFT_VERSION = 6.0;
				TARGETED_DEVICE_FAMILY = 1;
				TEST_HOST = "$(BUILT_PRODUCTS_DIR)/Blankie.app/$(BUNDLE_EXECUTABLE_FOLDER_PATH)/Blankie";
			};
			name = Release;
		};
		F9ED70E72D3229AD00240F13 /* Debug configuration for PBXNativeTarget "BlankieUITests" */ = {
			isa = XCBuildConfiguration;
			baseConfigurationReference = F921ED992D272AE300D4F3D3 /* Configuration.xcconfig */;
			buildSettings = {
				CLANG_ANALYZER_NONNULL = YES;
				CLANG_ENABLE_MODULES = YES;
				CLANG_WARN_DIRECT_OBJC_ISA_USAGE = YES_ERROR;
				CLANG_WARN_OBJC_IMPLICIT_RETAIN_SELF = YES;
				CLANG_WARN_RANGE_LOOP_ANALYSIS = YES;
				CLANG_WARN_SUSPICIOUS_MOVE = YES;
				CODE_SIGN_STYLE = Automatic;
				CURRENT_PROJECT_VERSION = "$(CURRENT_PROJECT_VERSION)";
				DEAD_CODE_STRIPPING = YES;
				ENABLE_USER_SCRIPT_SANDBOXING = YES;
				GENERATE_INFOPLIST_FILE = YES;
				INFOPLIST_KEY_NSMotionUsageDescription = "Blankie shows your live listening direction in the Spatial Mix using your headphones' head position.";
				MACOSX_DEPLOYMENT_TARGET = 26.4;
				MARKETING_VERSION = 2.0.2;
				PRODUCT_BUNDLE_IDENTIFIER = "$(PRODUCT_BUNDLE_IDENTIFIER).uitests";
				PRODUCT_NAME = "$(TARGET_NAME)";
				SDKROOT = macosx;
				SWIFT_EMIT_LOC_STRINGS = NO;
				SWIFT_VERSION = 6.0;
				TEST_TARGET_NAME = Blankie;
			};
			name = Debug;
		};
		F9ED70E82D3229AD00240F13 /* Release configuration for PBXNativeTarget "BlankieUITests" */ = {
			isa = XCBuildConfiguration;
			baseConfigurationReference = F921ED992D272AE300D4F3D3 /* Configuration.xcconfig */;
			buildSettings = {
				CLANG_ANALYZER_NONNULL = YES;
				CLANG_ENABLE_MODULES = YES;
				CLANG_WARN_DIRECT_OBJC_ISA_USAGE = YES_ERROR;
				CLANG_WARN_OBJC_IMPLICIT_RETAIN_SELF = YES;
				CLANG_WARN_RANGE_LOOP_ANALYSIS = YES;
				CLANG_WARN_SUSPICIOUS_MOVE = YES;
				CODE_SIGN_STYLE = Automatic;
				CURRENT_PROJECT_VERSION = "$(CURRENT_PROJECT_VERSION)";
				DEAD_CODE_STRIPPING = YES;
				ENABLE_USER_SCRIPT_SANDBOXING = YES;
				GENERATE_INFOPLIST_FILE = YES;
				INFOPLIST_KEY_NSMotionUsageDescription = "Blankie shows your live listening direction in the Spatial Mix using your headphones' head position.";
				MACOSX_DEPLOYMENT_TARGET = 26.4;
				MARKETING_VERSION = 2.0.2;
				PRODUCT_BUNDLE_IDENTIFIER = "$(PRODUCT_BUNDLE_IDENTIFIER).uitests";
				PRODUCT_NAME = "$(TARGET_NAME)";
				SDKROOT = macosx;
				SWIFT_EMIT_LOC_STRINGS = NO;
				SWIFT_VERSION = 6.0;
				TEST_TARGET_NAME = Blankie;
			};
			name = Release;
		};
/* End XCBuildConfiguration section */

/* Begin XCConfigurationList section */
		F913505A2D233A43003C85BE /* Build configuration list for PBXProject "Blankie" */ = {
			isa = XCConfigurationList;
			buildConfigurations = (
				F91350842D233A44003C85BE /* Debug configuration for PBXProject "Blankie" */,
				F9E62BDE2DE8BD360004A3F8 /* Debug-CarPlay configuration for PBXProject "Blankie" */,
				F91350852D233A44003C85BE /* Release configuration for PBXProject "Blankie" */,
				F9E62BE22DE8BD410004A3F8 /* Release-CarPlay configuration for PBXProject "Blankie" */,
			);
			defaultConfigurationName = Release;
		};
		F91350862D233A44003C85BE /* Build configuration list for PBXNativeTarget "Blankie" */ = {
			isa = XCConfigurationList;
			buildConfigurations = (
				F91350872D233A44003C85BE /* Debug configuration for PBXNativeTarget "Blankie" */,
				F9E62BDF2DE8BD360004A3F8 /* Debug-CarPlay configuration for PBXNativeTarget "Blankie" */,
				F91350882D233A44003C85BE /* Release configuration for PBXNativeTarget "Blankie" */,
				F9E62BE32DE8BD410004A3F8 /* Release-CarPlay configuration for PBXNativeTarget "Blankie" */,
			);
			defaultConfigurationName = Release;
		};
		F91C1C9A2FF54C8200C58FC6 /* Build configuration list for PBXNativeTarget "BlankieWidgetExtension" */ = {
			isa = XCConfigurationList;
			buildConfigurations = (
				F91C1C952FF54C8200C58FC6 /* Debug configuration for PBXNativeTarget "BlankieWidgetExtension" */,
				F91C1C962FF54C8200C58FC6 /* Debug-CarPlay configuration for PBXNativeTarget "BlankieWidgetExtension" */,
				F91C1C972FF54C8200C58FC6 /* Release configuration for PBXNativeTarget "BlankieWidgetExtension" */,
				F91C1C982FF54C8200C58FC6 /* Release-CarPlay configuration for PBXNativeTarget "BlankieWidgetExtension" */,
			);
			defaultConfigurationName = Release;
		};
		F94CB7AE2FEA47920077688E /* Build configuration list for PBXNativeTarget "BlankiePresetPreview" */ = {
			isa = XCConfigurationList;
			buildConfigurations = (
				F94CB7A92FEA47920077688E /* Debug configuration for PBXNativeTarget "BlankiePresetPreview" */,
				F94CB7AA2FEA47920077688E /* Debug-CarPlay configuration for PBXNativeTarget "BlankiePresetPreview" */,
				F94CB7AB2FEA47920077688E /* Release configuration for PBXNativeTarget "BlankiePresetPreview" */,
				F94CB7AC2FEA47920077688E /* Release-CarPlay configuration for PBXNativeTarget "BlankiePresetPreview" */,
			);
			defaultConfigurationName = Release;
		};
		F95914DF2FDF1D2300808460 /* Build configuration list for PBXNativeTarget "BlankieAssetDownloader" */ = {
			isa = XCConfigurationList;
			buildConfigurations = (
				F95914DA2FDF1D2300808460 /* Debug configuration for PBXNativeTarget "BlankieAssetDownloader" */,
				F95914DB2FDF1D2300808460 /* Debug-CarPlay configuration for PBXNativeTarget "BlankieAssetDownloader" */,
				F95914DC2FDF1D2300808460 /* Release configuration for PBXNativeTarget "BlankieAssetDownloader" */,
				F95914DD2FDF1D2300808460 /* Release-CarPlay configuration for PBXNativeTarget "BlankieAssetDownloader" */,
			);
			defaultConfigurationName = Release;
		};
		F9ED6BB02D321D3300240F13 /* Build configuration list for PBXNativeTarget "BlankieTests" */ = {
			isa = XCConfigurationList;
			buildConfigurations = (
				F9ED6BB12D321D3300240F13 /* Debug configuration for PBXNativeTarget "BlankieTests" */,
				F9E62BE02DE8BD360004A3F8 /* Debug-CarPlay configuration for PBXNativeTarget "BlankieTests" */,
				F9ED6BB22D321D3300240F13 /* Release configuration for PBXNativeTarget "BlankieTests" */,
				F9E62BE42DE8BD410004A3F8 /* Release-CarPlay configuration for PBXNativeTarget "BlankieTests" */,
			);
			defaultConfigurationName = Release;
		};
		F9ED70E62D3229AD00240F13 /* Build configuration list for PBXNativeTarget "BlankieUITests" */ = {
			isa = XCConfigurationList;
			buildConfigurations = (
				F9ED70E72D3229AD00240F13 /* Debug configuration for PBXNativeTarget "BlankieUITests" */,
				F9E62BE12DE8BD360004A3F8 /* Debug-CarPlay configuration for PBXNativeTarget "BlankieUITests" */,
				F9ED70E82D3229AD00240F13 /* Release configuration for PBXNativeTarget "BlankieUITests" */,
				F9E62BE52DE8BD410004A3F8 /* Release-CarPlay configuration for PBXNativeTarget "BlankieUITests" */,
			);
			defaultConfigurationName = Release;
		};
/* End XCConfigurationList section */

/* Begin XCRemoteSwiftPackageReference section */
		F9C0AA3D2E0DADF300E4530D /* XCRemoteSwiftPackageReference "ZIPFoundation" */ = {
			isa = XCRemoteSwiftPackageReference;
			repositoryURL = "https://github.com/weichsel/ZIPFoundation.git";
			requirement = {
				kind = upToNextMajorVersion;
				minimumVersion = 0.9.19;
			};
		};
/* End XCRemoteSwiftPackageReference section */

/* Begin XCSwiftPackageProductDependency section */
		AAAA0000000000000000AA03 /* ZIPFoundation */ = {
			isa = XCSwiftPackageProductDependency;
			package = F9C0AA3D2E0DADF300E4530D /* XCRemoteSwiftPackageReference "ZIPFoundation" */;
			productName = ZIPFoundation;
		};
		F94CB7AF2FEA47A80077688E /* ZIPFoundation */ = {
			isa = XCSwiftPackageProductDependency;
			package = F9C0AA3D2E0DADF300E4530D /* XCRemoteSwiftPackageReference "ZIPFoundation" */;
			productName = ZIPFoundation;
		};
		F9C0AA3E2E0DADF300E4530D /* ZIPFoundation */ = {
			isa = XCSwiftPackageProductDependency;
			package = F9C0AA3D2E0DADF300E4530D /* XCRemoteSwiftPackageReference "ZIPFoundation" */;
			productName = ZIPFoundation;
		};
/* End XCSwiftPackageProductDependency section */
	};
	rootObject = F91350572D233A43003C85BE /* Project object */;
}
