// !$*UTF8*$!
{
	archiveVersion = 1;
	classes = {
	};
	objectVersion = 77;
	objects = {

/* Begin PBXBuildFile section */
		F93A3B332D26E93600EFC1C9 /* AppState.swift in Sources */ = {isa = PBXBuildFile; fileRef = F93A3B0E2D26E93600EFC1C9 /* AppState.swift */; };
		F93A3B342D26E93600EFC1C9 /* WindowObserver.swift in Sources */ = {isa = PBXBuildFile; fileRef = F93A3B302D26E93600EFC1C9 /* WindowObserver.swift */; };
		F93A3B352D26E93600EFC1C9 /* PresetManager.swift in Sources */ = {isa = PBXBuildFile; fileRef = F93A3B1E2D26E93600EFC1C9 /* PresetManager.swift */; };
		F93A3B362D26E93600EFC1C9 /* PreferencesView.swift in Sources */ = {isa = PBXBuildFile; fileRef = F93A3B1C2D26E93600EFC1C9 /* PreferencesView.swift */; };
		F93A3B372D26E93600EFC1C9 /* AppCommands.swift in Sources */ = {isa = PBXBuildFile; fileRef = F93A3B0D2D26E93600EFC1C9 /* AppCommands.swift */; };
		F93A3B382D26E93600EFC1C9 /* Preset.swift in Sources */ = {isa = PBXBuildFile; fileRef = F93A3B1D2D26E93600EFC1C9 /* Preset.swift */; };
		F93A3B392D26E93600EFC1C9 /* AboutView.swift in Sources */ = {isa = PBXBuildFile; fileRef = F93A3B0C2D26E93600EFC1C9 /* AboutView.swift */; };
		F93A3B3A2D26E93600EFC1C9 /* GlobalSettings.swift in Sources */ = {isa = PBXBuildFile; fileRef = F93A3B192D26E93600EFC1C9 /* GlobalSettings.swift */; };
		F93A3B3B2D26E93600EFC1C9 /* SoundIcon.swift in Sources */ = {isa = PBXBuildFile; fileRef = F93A3B202D26E93600EFC1C9 /* SoundIcon.swift */; };
		F93A3B3C2D26E93600EFC1C9 /* ContentView.swift in Sources */ = {isa = PBXBuildFile; fileRef = F93A3B172D26E93600EFC1C9 /* ContentView.swift */; };
		F93A3B3D2D26E93600EFC1C9 /* MainMenu.swift in Sources */ = {isa = PBXBuildFile; fileRef = F93A3B1B2D26E93600EFC1C9 /* MainMenu.swift */; };
		F93A3B3E2D26E93600EFC1C9 /* AudioManager.swift in Sources */ = {isa = PBXBuildFile; fileRef = F93A3B102D26E93600EFC1C9 /* AudioManager.swift */; };
		F93A3B3F2D26E93600EFC1C9 /* BlankieApp.swift in Sources */ = {isa = PBXBuildFile; fileRef = F93A3B132D26E93600EFC1C9 /* BlankieApp.swift */; };
		F93A3B402D26E93600EFC1C9 /* city.mp3 in Resources */ = {isa = PBXBuildFile; fileRef = F93A3B232D26E93600EFC1C9 /* city.mp3 */; };
		F93A3B412D26E93600EFC1C9 /* rain.mp3 in Resources */ = {isa = PBXBuildFile; fileRef = F93A3B272D26E93600EFC1C9 /* rain.mp3 */; };
		F93A3B432D26E93600EFC1C9 /* train.mp3 in Resources */ = {isa = PBXBuildFile; fileRef = F93A3B2B2D26E93600EFC1C9 /* train.mp3 */; };
		F93A3B442D26E93600EFC1C9 /* white-noise.mp3 in Resources */ = {isa = PBXBuildFile; fileRef = F93A3B2D2D26E93600EFC1C9 /* white-noise.mp3 */; };
		F93A3B452D26E93600EFC1C9 /* coffee-shop.mp3 in Resources */ = {isa = PBXBuildFile; fileRef = F93A3B242D26E93600EFC1C9 /* coffee-shop.mp3 */; };
		F93A3B462D26E93600EFC1C9 /* fireplace.mp3 in Resources */ = {isa = PBXBuildFile; fileRef = F93A3B252D26E93600EFC1C9 /* fireplace.mp3 */; };
		F93A3B472D26E93600EFC1C9 /* README.md in Resources */ = {isa = PBXBuildFile; fileRef = F93A3B1F2D26E93600EFC1C9 /* README.md */; };
		F93A3B482D26E93600EFC1C9 /* birds.mp3 in Resources */ = {isa = PBXBuildFile; fileRef = F93A3B212D26E93600EFC1C9 /* birds.mp3 */; };
		F93A3B492D26E93600EFC1C9 /* summer-night.mp3 in Resources */ = {isa = PBXBuildFile; fileRef = F93A3B2A2D26E93600EFC1C9 /* summer-night.mp3 */; };
		F93A3B4A2D26E93600EFC1C9 /* stream.mp3 in Resources */ = {isa = PBXBuildFile; fileRef = F93A3B292D26E93600EFC1C9 /* stream.mp3 */; };
		F93A3B4B2D26E93600EFC1C9 /* boat.mp3 in Resources */ = {isa = PBXBuildFile; fileRef = F93A3B222D26E93600EFC1C9 /* boat.mp3 */; };
		F93A3B4D2D26E93600EFC1C9 /* wind.mp3 in Resources */ = {isa = PBXBuildFile; fileRef = F93A3B2E2D26E93600EFC1C9 /* wind.mp3 */; };
		F93A3B4E2D26E93600EFC1C9 /* screenshot.png in Resources */ = {isa = PBXBuildFile; fileRef = F93A3B152D26E93600EFC1C9 /* screenshot.png */; };
		F93A3B4F2D26E93600EFC1C9 /* icon.png in Resources */ = {isa = PBXBuildFile; fileRef = F93A3B142D26E93600EFC1C9 /* icon.png */; };
		F93A3B502D26E93600EFC1C9 /* waves.mp3 in Resources */ = {isa = PBXBuildFile; fileRef = F93A3B2C2D26E93600EFC1C9 /* waves.mp3 */; };
		F93A3B512D26E93600EFC1C9 /* pink-noise.mp3 in Resources */ = {isa = PBXBuildFile; fileRef = F93A3B262D26E93600EFC1C9 /* pink-noise.mp3 */; };
		F93A3B522D26E93600EFC1C9 /* Assets.xcassets in Resources */ = {isa = PBXBuildFile; fileRef = F93A3B0F2D26E93600EFC1C9 /* Assets.xcassets */; };
		F93A3B532D26E93600EFC1C9 /* storm.mp3 in Resources */ = {isa = PBXBuildFile; fileRef = F93A3B282D26E93600EFC1C9 /* storm.mp3 */; };
/* End PBXBuildFile section */

/* Begin PBXContainerItemProxy section */
		F91350732D233A44003C85BE /* PBXContainerItemProxy */ = {
			isa = PBXContainerItemProxy;
			containerPortal = F91350572D233A43003C85BE /* Project object */;
			proxyType = 1;
			remoteGlobalIDString = F913505E2D233A43003C85BE;
			remoteInfo = Blankie;
		};
		F913507D2D233A44003C85BE /* PBXContainerItemProxy */ = {
			isa = PBXContainerItemProxy;
			containerPortal = F91350572D233A43003C85BE /* Project object */;
			proxyType = 1;
			remoteGlobalIDString = F913505E2D233A43003C85BE;
			remoteInfo = Blankie;
		};
/* End PBXContainerItemProxy section */

/* Begin PBXFileReference section */
		F913505F2D233A43003C85BE /* Blankie.app */ = {isa = PBXFileReference; explicitFileType = wrapper.application; includeInIndex = 0; path = Blankie.app; sourceTree = BUILT_PRODUCTS_DIR; };
		F91350722D233A44003C85BE /* BlankieTests.xctest */ = {isa = PBXFileReference; explicitFileType = wrapper.cfbundle; includeInIndex = 0; path = BlankieTests.xctest; sourceTree = BUILT_PRODUCTS_DIR; };
		F913507C2D233A44003C85BE /* BlankieUITests.xctest */ = {isa = PBXFileReference; explicitFileType = wrapper.cfbundle; includeInIndex = 0; path = BlankieUITests.xctest; sourceTree = BUILT_PRODUCTS_DIR; };
		F921ED992D272AE300D4F3D3 /* Configuration.xcconfig */ = {isa = PBXFileReference; lastKnownFileType = text.xcconfig; path = Configuration.xcconfig; sourceTree = "<group>"; };
		F921EDD12D2744CE00D4F3D3 /* Blankie-Info.plist */ = {isa = PBXFileReference; lastKnownFileType = text.plist; path = "Blankie-Info.plist"; sourceTree = "<group>"; };
		F93A3B0C2D26E93600EFC1C9 /* AboutView.swift */ = {isa = PBXFileReference; lastKnownFileType = sourcecode.swift; path = AboutView.swift; sourceTree = "<group>"; };
		F93A3B0D2D26E93600EFC1C9 /* AppCommands.swift */ = {isa = PBXFileReference; lastKnownFileType = sourcecode.swift; path = AppCommands.swift; sourceTree = "<group>"; };
		F93A3B0E2D26E93600EFC1C9 /* AppState.swift */ = {isa = PBXFileReference; lastKnownFileType = sourcecode.swift; path = AppState.swift; sourceTree = "<group>"; };
		F93A3B0F2D26E93600EFC1C9 /* Assets.xcassets */ = {isa = PBXFileReference; lastKnownFileType = folder.assetcatalog; path = Assets.xcassets; sourceTree = "<group>"; };
		F93A3B102D26E93600EFC1C9 /* AudioManager.swift */ = {isa = PBXFileReference; lastKnownFileType = sourcecode.swift; path = AudioManager.swift; sourceTree = "<group>"; };
		F93A3B112D26E93600EFC1C9 /* Blankie.entitlements */ = {isa = PBXFileReference; lastKnownFileType = text.plist.entitlements; path = Blankie.entitlements; sourceTree = "<group>"; };
		F93A3B122D26E93600EFC1C9 /* Blankie.xcodeproj */ = {isa = PBXFileReference; lastKnownFileType = "wrapper.pb-project"; path = Blankie.xcodeproj; sourceTree = "<group>"; };
		F93A3B132D26E93600EFC1C9 /* BlankieApp.swift */ = {isa = PBXFileReference; lastKnownFileType = sourcecode.swift; path = BlankieApp.swift; sourceTree = "<group>"; };
		F93A3B142D26E93600EFC1C9 /* icon.png */ = {isa = PBXFileReference; lastKnownFileType = image.png; path = icon.png; sourceTree = "<group>"; };
		F93A3B152D26E93600EFC1C9 /* screenshot.png */ = {isa = PBXFileReference; lastKnownFileType = image.png; path = screenshot.png; sourceTree = "<group>"; };
		F93A3B172D26E93600EFC1C9 /* ContentView.swift */ = {isa = PBXFileReference; lastKnownFileType = sourcecode.swift; path = ContentView.swift; sourceTree = "<group>"; };
		F93A3B192D26E93600EFC1C9 /* GlobalSettings.swift */ = {isa = PBXFileReference; lastKnownFileType = sourcecode.swift; path = GlobalSettings.swift; sourceTree = "<group>"; };
		F93A3B1B2D26E93600EFC1C9 /* MainMenu.swift */ = {isa = PBXFileReference; lastKnownFileType = sourcecode.swift; path = MainMenu.swift; sourceTree = "<group>"; };
		F93A3B1C2D26E93600EFC1C9 /* PreferencesView.swift */ = {isa = PBXFileReference; lastKnownFileType = sourcecode.swift; path = PreferencesView.swift; sourceTree = "<group>"; };
		F93A3B1D2D26E93600EFC1C9 /* Preset.swift */ = {isa = PBXFileReference; lastKnownFileType = sourcecode.swift; path = Preset.swift; sourceTree = "<group>"; };
		F93A3B1E2D26E93600EFC1C9 /* PresetManager.swift */ = {isa = PBXFileReference; lastKnownFileType = sourcecode.swift; path = PresetManager.swift; sourceTree = "<group>"; };
		F93A3B1F2D26E93600EFC1C9 /* README.md */ = {isa = PBXFileReference; lastKnownFileType = net.daringfireball.markdown; path = README.md; sourceTree = "<group>"; };
		F93A3B202D26E93600EFC1C9 /* SoundIcon.swift */ = {isa = PBXFileReference; lastKnownFileType = sourcecode.swift; path = SoundIcon.swift; sourceTree = "<group>"; };
		F93A3B212D26E93600EFC1C9 /* birds.mp3 */ = {isa = PBXFileReference; lastKnownFileType = audio.mp3; path = birds.mp3; sourceTree = "<group>"; };
		F93A3B222D26E93600EFC1C9 /* boat.mp3 */ = {isa = PBXFileReference; lastKnownFileType = audio.mp3; path = boat.mp3; sourceTree = "<group>"; };
		F93A3B232D26E93600EFC1C9 /* city.mp3 */ = {isa = PBXFileReference; lastKnownFileType = audio.mp3; path = city.mp3; sourceTree = "<group>"; };
		F93A3B242D26E93600EFC1C9 /* coffee-shop.mp3 */ = {isa = PBXFileReference; lastKnownFileType = audio.mp3; path = "coffee-shop.mp3"; sourceTree = "<group>"; };
		F93A3B252D26E93600EFC1C9 /* fireplace.mp3 */ = {isa = PBXFileReference; lastKnownFileType = audio.mp3; path = fireplace.mp3; sourceTree = "<group>"; };
		F93A3B262D26E93600EFC1C9 /* pink-noise.mp3 */ = {isa = PBXFileReference; lastKnownFileType = audio.mp3; path = "pink-noise.mp3"; sourceTree = "<group>"; };
		F93A3B272D26E93600EFC1C9 /* rain.mp3 */ = {isa = PBXFileReference; lastKnownFileType = audio.mp3; path = rain.mp3; sourceTree = "<group>"; };
		F93A3B282D26E93600EFC1C9 /* storm.mp3 */ = {isa = PBXFileReference; lastKnownFileType = audio.mp3; path = storm.mp3; sourceTree = "<group>"; };
		F93A3B292D26E93600EFC1C9 /* stream.mp3 */ = {isa = PBXFileReference; lastKnownFileType = audio.mp3; path = stream.mp3; sourceTree = "<group>"; };
		F93A3B2A2D26E93600EFC1C9 /* summer-night.mp3 */ = {isa = PBXFileReference; lastKnownFileType = audio.mp3; path = "summer-night.mp3"; sourceTree = "<group>"; };
		F93A3B2B2D26E93600EFC1C9 /* train.mp3 */ = {isa = PBXFileReference; lastKnownFileType = audio.mp3; path = train.mp3; sourceTree = "<group>"; };
		F93A3B2C2D26E93600EFC1C9 /* waves.mp3 */ = {isa = PBXFileReference; lastKnownFileType = audio.mp3; path = waves.mp3; sourceTree = "<group>"; };
		F93A3B2D2D26E93600EFC1C9 /* white-noise.mp3 */ = {isa = PBXFileReference; lastKnownFileType = audio.mp3; path = "white-noise.mp3"; sourceTree = "<group>"; };
		F93A3B2E2D26E93600EFC1C9 /* wind.mp3 */ = {isa = PBXFileReference; lastKnownFileType = audio.mp3; path = wind.mp3; sourceTree = "<group>"; };
		F93A3B302D26E93600EFC1C9 /* WindowObserver.swift */ = {isa = PBXFileReference; lastKnownFileType = sourcecode.swift; path = WindowObserver.swift; sourceTree = "<group>"; };
/* End PBXFileReference section */

/* Begin PBXFrameworksBuildPhase section */
		F913505C2D233A43003C85BE /* Frameworks */ = {
			isa = PBXFrameworksBuildPhase;
			buildActionMask = 2147483647;
			files = (
			);
			runOnlyForDeploymentPostprocessing = 0;
		};
		F913506F2D233A44003C85BE /* Frameworks */ = {
			isa = PBXFrameworksBuildPhase;
			buildActionMask = 2147483647;
			files = (
			);
			runOnlyForDeploymentPostprocessing = 0;
		};
		F91350792D233A44003C85BE /* Frameworks */ = {
			isa = PBXFrameworksBuildPhase;
			buildActionMask = 2147483647;
			files = (
			);
			runOnlyForDeploymentPostprocessing = 0;
		};
/* End PBXFrameworksBuildPhase section */

/* Begin PBXGroup section */
		F91350562D233A43003C85BE = {
			isa = PBXGroup;
			children = (
				F921EDD12D2744CE00D4F3D3 /* Blankie-Info.plist */,
				F93A3B0C2D26E93600EFC1C9 /* AboutView.swift */,
				F93A3B0D2D26E93600EFC1C9 /* AppCommands.swift */,
				F93A3B0E2D26E93600EFC1C9 /* AppState.swift */,
				F93A3B0F2D26E93600EFC1C9 /* Assets.xcassets */,
				F93A3B102D26E93600EFC1C9 /* AudioManager.swift */,
				F93A3B112D26E93600EFC1C9 /* Blankie.entitlements */,
				F93A3B122D26E93600EFC1C9 /* Blankie.xcodeproj */,
				F93A3B132D26E93600EFC1C9 /* BlankieApp.swift */,
				F93A3B162D26E93600EFC1C9 /* brand */,
				F93A3B172D26E93600EFC1C9 /* ContentView.swift */,
				F93A3B192D26E93600EFC1C9 /* GlobalSettings.swift */,
				F93A3B1B2D26E93600EFC1C9 /* MainMenu.swift */,
				F93A3B1C2D26E93600EFC1C9 /* PreferencesView.swift */,
				F93A3B1D2D26E93600EFC1C9 /* Preset.swift */,
				F93A3B1E2D26E93600EFC1C9 /* PresetManager.swift */,
				F93A3B1F2D26E93600EFC1C9 /* README.md */,
				F93A3B202D26E93600EFC1C9 /* SoundIcon.swift */,
				F93A3B2F2D26E93600EFC1C9 /* Sounds */,
				F93A3B302D26E93600EFC1C9 /* WindowObserver.swift */,
				F91350602D233A43003C85BE /* Products */,
				F921ED992D272AE300D4F3D3 /* Configuration.xcconfig */,
			);
			sourceTree = "<group>";
		};
		F91350602D233A43003C85BE /* Products */ = {
			isa = PBXGroup;
			children = (
				F913505F2D233A43003C85BE /* Blankie.app */,
				F91350722D233A44003C85BE /* BlankieTests.xctest */,
				F913507C2D233A44003C85BE /* BlankieUITests.xctest */,
			);
			name = Products;
			sourceTree = "<group>";
		};
		F93A3B162D26E93600EFC1C9 /* brand */ = {
			isa = PBXGroup;
			children = (
				F93A3B142D26E93600EFC1C9 /* icon.png */,
				F93A3B152D26E93600EFC1C9 /* screenshot.png */,
			);
			path = brand;
			sourceTree = "<group>";
		};
		F93A3B2F2D26E93600EFC1C9 /* Sounds */ = {
			isa = PBXGroup;
			children = (
				F93A3B212D26E93600EFC1C9 /* birds.mp3 */,
				F93A3B222D26E93600EFC1C9 /* boat.mp3 */,
				F93A3B232D26E93600EFC1C9 /* city.mp3 */,
				F93A3B242D26E93600EFC1C9 /* coffee-shop.mp3 */,
				F93A3B252D26E93600EFC1C9 /* fireplace.mp3 */,
				F93A3B262D26E93600EFC1C9 /* pink-noise.mp3 */,
				F93A3B272D26E93600EFC1C9 /* rain.mp3 */,
				F93A3B282D26E93600EFC1C9 /* storm.mp3 */,
				F93A3B292D26E93600EFC1C9 /* stream.mp3 */,
				F93A3B2A2D26E93600EFC1C9 /* summer-night.mp3 */,
				F93A3B2B2D26E93600EFC1C9 /* train.mp3 */,
				F93A3B2C2D26E93600EFC1C9 /* waves.mp3 */,
				F93A3B2D2D26E93600EFC1C9 /* white-noise.mp3 */,
				F93A3B2E2D26E93600EFC1C9 /* wind.mp3 */,
			);
			path = Sounds;
			sourceTree = "<group>";
		};
		F93A3B312D26E93600EFC1C9 /* Products */ = {
			isa = PBXGroup;
			name = Products;
			sourceTree = "<group>";
		};
/* End PBXGroup section */

/* Begin PBXNativeTarget section */
		F913505E2D233A43003C85BE /* Blankie */ = {
			isa = PBXNativeTarget;
			buildConfigurationList = F91350862D233A44003C85BE /* Build configuration list for PBXNativeTarget "Blankie" */;
			buildPhases = (
				F913505B2D233A43003C85BE /* Sources */,
				F913505C2D233A43003C85BE /* Frameworks */,
				F913505D2D233A43003C85BE /* Resources */,
				F921EDC02D27408E00D4F3D3 /* ShellScript */,
			);
			buildRules = (
			);
			dependencies = (
			);
			name = Blankie;
			packageProductDependencies = (
			);
			productName = Blankie;
			productReference = F913505F2D233A43003C85BE /* Blankie.app */;
			productType = "com.apple.product-type.application";
		};
		F91350712D233A44003C85BE /* BlankieTests */ = {
			isa = PBXNativeTarget;
			buildConfigurationList = F91350892D233A44003C85BE /* Build configuration list for PBXNativeTarget "BlankieTests" */;
			buildPhases = (
				F913506E2D233A44003C85BE /* Sources */,
				F913506F2D233A44003C85BE /* Frameworks */,
				F91350702D233A44003C85BE /* Resources */,
			);
			buildRules = (
			);
			dependencies = (
				F91350742D233A44003C85BE /* PBXTargetDependency */,
			);
			name = BlankieTests;
			packageProductDependencies = (
			);
			productName = BlankieTests;
			productReference = F91350722D233A44003C85BE /* BlankieTests.xctest */;
			productType = "com.apple.product-type.bundle.unit-test";
		};
		F913507B2D233A44003C85BE /* BlankieUITests */ = {
			isa = PBXNativeTarget;
			buildConfigurationList = F913508C2D233A44003C85BE /* Build configuration list for PBXNativeTarget "BlankieUITests" */;
			buildPhases = (
				F91350782D233A44003C85BE /* Sources */,
				F91350792D233A44003C85BE /* Frameworks */,
				F913507A2D233A44003C85BE /* Resources */,
			);
			buildRules = (
			);
			dependencies = (
				F913507E2D233A44003C85BE /* PBXTargetDependency */,
			);
			name = BlankieUITests;
			packageProductDependencies = (
			);
			productName = BlankieUITests;
			productReference = F913507C2D233A44003C85BE /* BlankieUITests.xctest */;
			productType = "com.apple.product-type.bundle.ui-testing";
		};
/* End PBXNativeTarget section */

/* Begin PBXProject section */
		F91350572D233A43003C85BE /* Project object */ = {
			isa = PBXProject;
			attributes = {
				BuildIndependentTargetsInParallel = 1;
				LastSwiftUpdateCheck = 1620;
				LastUpgradeCheck = 1620;
				TargetAttributes = {
					F913505E2D233A43003C85BE = {
						CreatedOnToolsVersion = 16.2;
						LastSwiftMigration = 1620;
					};
					F91350712D233A44003C85BE = {
						CreatedOnToolsVersion = 16.2;
						TestTargetID = F913505E2D233A43003C85BE;
					};
					F913507B2D233A44003C85BE = {
						CreatedOnToolsVersion = 16.2;
						TestTargetID = F913505E2D233A43003C85BE;
					};
				};
			};
			buildConfigurationList = F913505A2D233A43003C85BE /* Build configuration list for PBXProject "Blankie" */;
			developmentRegion = en;
			hasScannedForEncodings = 0;
			knownRegions = (
				en,
				Base,
			);
			mainGroup = F91350562D233A43003C85BE;
			minimizedProjectReferenceProxies = 1;
			preferredProjectObjectVersion = 77;
			productRefGroup = F91350602D233A43003C85BE /* Products */;
			projectDirPath = "";
			projectReferences = (
				{
					ProductGroup = F93A3B312D26E93600EFC1C9 /* Products */;
					ProjectRef = F93A3B122D26E93600EFC1C9 /* Blankie.xcodeproj */;
				},
			);
			projectRoot = "";
			targets = (
				F913505E2D233A43003C85BE /* Blankie */,
				F91350712D233A44003C85BE /* BlankieTests */,
				F913507B2D233A44003C85BE /* BlankieUITests */,
			);
		};
/* End PBXProject section */

/* Begin PBXResourcesBuildPhase section */
		F913505D2D233A43003C85BE /* Resources */ = {
			isa = PBXResourcesBuildPhase;
			buildActionMask = 2147483647;
			files = (
				F93A3B402D26E93600EFC1C9 /* city.mp3 in Resources */,
				F93A3B412D26E93600EFC1C9 /* rain.mp3 in Resources */,
				F93A3B432D26E93600EFC1C9 /* train.mp3 in Resources */,
				F93A3B442D26E93600EFC1C9 /* white-noise.mp3 in Resources */,
				F93A3B452D26E93600EFC1C9 /* coffee-shop.mp3 in Resources */,
				F93A3B462D26E93600EFC1C9 /* fireplace.mp3 in Resources */,
				F93A3B472D26E93600EFC1C9 /* README.md in Resources */,
				F93A3B482D26E93600EFC1C9 /* birds.mp3 in Resources */,
				F93A3B492D26E93600EFC1C9 /* summer-night.mp3 in Resources */,
				F93A3B4A2D26E93600EFC1C9 /* stream.mp3 in Resources */,
				F93A3B4B2D26E93600EFC1C9 /* boat.mp3 in Resources */,
				F93A3B4D2D26E93600EFC1C9 /* wind.mp3 in Resources */,
				F93A3B4E2D26E93600EFC1C9 /* screenshot.png in Resources */,
				F93A3B4F2D26E93600EFC1C9 /* icon.png in Resources */,
				F93A3B502D26E93600EFC1C9 /* waves.mp3 in Resources */,
				F93A3B512D26E93600EFC1C9 /* pink-noise.mp3 in Resources */,
				F93A3B522D26E93600EFC1C9 /* Assets.xcassets in Resources */,
				F93A3B532D26E93600EFC1C9 /* storm.mp3 in Resources */,
			);
			runOnlyForDeploymentPostprocessing = 0;
		};
		F91350702D233A44003C85BE /* Resources */ = {
			isa = PBXResourcesBuildPhase;
			buildActionMask = 2147483647;
			files = (
			);
			runOnlyForDeploymentPostprocessing = 0;
		};
		F913507A2D233A44003C85BE /* Resources */ = {
			isa = PBXResourcesBuildPhase;
			buildActionMask = 2147483647;
			files = (
			);
			runOnlyForDeploymentPostprocessing = 0;
		};
/* End PBXResourcesBuildPhase section */

/* Begin PBXShellScriptBuildPhase section */
		F921EDC02D27408E00D4F3D3 /* ShellScript */ = {
			isa = PBXShellScriptBuildPhase;
			alwaysOutOfDate = 1;
			buildActionMask = 12;
			files = (
			);
			inputFileListPaths = (
			);
			inputPaths = (
			);
			outputFileListPaths = (
			);
			outputPaths = (
				"$(INFOPLIST_FILE)",
				"$(PROJECT_DIR)/Configuration.xcconfig",
			);
			runOnlyForDeploymentPostprocessing = 0;
			shellPath = /bin/sh;
			shellScript = "#!/bin/sh\nset -e\nset -x\n\n# Get paths\nPLIST_PATH=\"${TARGET_BUILD_DIR}/${INFOPLIST_PATH}\"\nCONFIG_PATH=\"${PROJECT_DIR}/Configuration.xcconfig\"\nTEMP_PLIST=\"${DERIVED_FILE_DIR}/temp_Info.plist\"\n\necho \"Info.plist path: ${PLIST_PATH}\"\necho \"Config path: ${CONFIG_PATH}\"\n\n# Copy Info.plist to temp location\ncp \"${PLIST_PATH}\" \"${TEMP_PLIST}\"\n\n# Try to get current build number, initialize to 0 if it fails\nbuildNumber=$(/usr/libexec/PlistBuddy -c \"Print CFBundleVersion\" \"${TEMP_PLIST}\" 2>/dev/null || echo \"0\")\n\n# Clean up buildNumber to ensure it's just a number\nbuildNumber=$(echo \"$buildNumber\" | grep -o '[0-9]*' || echo \"0\")\n\n# If buildNumber is empty, set it to 0\nif [ -z \"$buildNumber\" ]; then\n    buildNumber=0\nfi\n\n# Increment it\nbuildNumber=$((buildNumber + 1))\necho \"New build number: $buildNumber\"\n\n# Update the temp plist\nif ! /usr/libexec/PlistBuddy -c \"Set :CFBundleVersion $buildNumber\" \"${TEMP_PLIST}\" 2>/dev/null; then\n    /usr/libexec/PlistBuddy -c \"Add :CFBundleVersion string $buildNumber\" \"${TEMP_PLIST}\"\nfi\n\n# Copy back to original location\ncp \"${TEMP_PLIST}\" \"${PLIST_PATH}\"\n\n# Update xcconfig using a temp file\nTEMP_CONFIG=\"${DERIVED_FILE_DIR}/temp_config.xcconfig\"\nsed \"s/CURRENT_PROJECT_VERSION = [0-9]*/CURRENT_PROJECT_VERSION = $buildNumber/\" \"${CONFIG_PATH}\" > \"${TEMP_CONFIG}\"\ncp \"${TEMP_CONFIG}\" \"${CONFIG_PATH}\"\n";
		};
/* End PBXShellScriptBuildPhase section */

/* Begin PBXSourcesBuildPhase section */
		F913505B2D233A43003C85BE /* Sources */ = {
			isa = PBXSourcesBuildPhase;
			buildActionMask = 2147483647;
			files = (
				F93A3B332D26E93600EFC1C9 /* AppState.swift in Sources */,
				F93A3B342D26E93600EFC1C9 /* WindowObserver.swift in Sources */,
				F93A3B352D26E93600EFC1C9 /* PresetManager.swift in Sources */,
				F93A3B362D26E93600EFC1C9 /* PreferencesView.swift in Sources */,
				F93A3B372D26E93600EFC1C9 /* AppCommands.swift in Sources */,
				F93A3B382D26E93600EFC1C9 /* Preset.swift in Sources */,
				F93A3B392D26E93600EFC1C9 /* AboutView.swift in Sources */,
				F93A3B3A2D26E93600EFC1C9 /* GlobalSettings.swift in Sources */,
				F93A3B3B2D26E93600EFC1C9 /* SoundIcon.swift in Sources */,
				F93A3B3C2D26E93600EFC1C9 /* ContentView.swift in Sources */,
				F93A3B3D2D26E93600EFC1C9 /* MainMenu.swift in Sources */,
				F93A3B3E2D26E93600EFC1C9 /* AudioManager.swift in Sources */,
				F93A3B3F2D26E93600EFC1C9 /* BlankieApp.swift in Sources */,
			);
			runOnlyForDeploymentPostprocessing = 0;
		};
		F913506E2D233A44003C85BE /* Sources */ = {
			isa = PBXSourcesBuildPhase;
			buildActionMask = 2147483647;
			files = (
			);
			runOnlyForDeploymentPostprocessing = 0;
		};
		F91350782D233A44003C85BE /* Sources */ = {
			isa = PBXSourcesBuildPhase;
			buildActionMask = 2147483647;
			files = (
			);
			runOnlyForDeploymentPostprocessing = 0;
		};
/* End PBXSourcesBuildPhase section */

/* Begin PBXTargetDependency section */
		F91350742D233A44003C85BE /* PBXTargetDependency */ = {
			isa = PBXTargetDependency;
			target = F913505E2D233A43003C85BE /* Blankie */;
			targetProxy = F91350732D233A44003C85BE /* PBXContainerItemProxy */;
		};
		F913507E2D233A44003C85BE /* PBXTargetDependency */ = {
			isa = PBXTargetDependency;
			target = F913505E2D233A43003C85BE /* Blankie */;
			targetProxy = F913507D2D233A44003C85BE /* PBXContainerItemProxy */;
		};
/* End PBXTargetDependency section */

/* Begin XCBuildConfiguration section */
		F91350842D233A44003C85BE /* Debug */ = {
			isa = XCBuildConfiguration;
			buildSettings = {
				ALWAYS_SEARCH_USER_PATHS = NO;
				ASSETCATALOG_COMPILER_GENERATE_SWIFT_ASSET_SYMBOL_EXTENSIONS = YES;
				CLANG_ANALYZER_NUMBER_OBJECT_CONVERSION = YES_AGGRESSIVE;
				CLANG_CXX_LANGUAGE_STANDARD = "gnu++20";
				CLANG_ENABLE_OBJC_ARC = YES;
				CLANG_ENABLE_OBJC_WEAK = YES;
				CLANG_WARN_BLOCK_CAPTURE_AUTORELEASING = YES;
				CLANG_WARN_BOOL_CONVERSION = YES;
				CLANG_WARN_COMMA = YES;
				CLANG_WARN_CONSTANT_CONVERSION = YES;
				CLANG_WARN_DEPRECATED_OBJC_IMPLEMENTATIONS = YES;
				CLANG_WARN_DIRECT_OBJC_ISA_USAGE = YES;
				CLANG_WARN_DOCUMENTATION_COMMENTS = YES;
				CLANG_WARN_EMPTY_BODY = YES;
				CLANG_WARN_ENUM_CONVERSION = YES;
				CLANG_WARN_INFINITE_RECURSION = YES;
				CLANG_WARN_INT_CONVERSION = YES;
				CLANG_WARN_NON_LITERAL_NULL_CONVERSION = YES;
				CLANG_WARN_OBJC_LITERAL_CONVERSION = YES;
				CLANG_WARN_OBJC_ROOT_CLASS = YES_ERROR;
				CLANG_WARN_QUOTED_INCLUDE_IN_FRAMEWORK_HEADER = YES;
				CLANG_WARN_STRICT_PROTOTYPES = YES;
				CLANG_WARN_UNGUARDED_AVAILABILITY = YES_AGGRESSIVE;
				CLANG_WARN_UNREACHABLE_CODE = YES;
				CLANG_WARN__DUPLICATE_METHOD_MATCH = YES;
				COPY_PHASE_STRIP = NO;
				CURRENT_PROJECT_VERSION = "$(CURRENT_PROJECT_VERSION)";
				DEBUG_INFORMATION_FORMAT = dwarf;
				ENABLE_PREVIEWS = YES;
				ENABLE_STRICT_OBJC_MSGSEND = YES;
				ENABLE_TESTABILITY = YES;
				ENABLE_USER_SCRIPT_SANDBOXING = NO;
				GCC_C_LANGUAGE_STANDARD = gnu17;
				GCC_DYNAMIC_NO_PIC = NO;
				GCC_NO_COMMON_BLOCKS = YES;
				GCC_OPTIMIZATION_LEVEL = 0;
				GCC_PREPROCESSOR_DEFINITIONS = (
					"DEBUG=1",
					"$(inherited)",
				);
				GCC_WARN_64_TO_32_BIT_CONVERSION = YES;
				GCC_WARN_ABOUT_RETURN_TYPE = YES_ERROR;
				GCC_WARN_UNDECLARED_SELECTOR = YES;
				GCC_WARN_UNINITIALIZED_AUTOS = YES_AGGRESSIVE;
				GCC_WARN_UNUSED_FUNCTION = YES;
				GCC_WARN_UNUSED_VARIABLE = YES;
				LOCALIZATION_PREFERS_STRING_CATALOGS = YES;
				MTL_ENABLE_DEBUG_INFO = INCLUDE_SOURCE;
				MTL_FAST_MATH = YES;
				ONLY_ACTIVE_ARCH = YES;
				SWIFT_ACTIVE_COMPILATION_CONDITIONS = "DEBUG $(inherited)";
				SWIFT_OPTIMIZATION_LEVEL = "-Onone";
				SWIFT_VERSION = 5.0;
			};
			name = Debug;
		};
		F91350852D233A44003C85BE /* Release */ = {
			isa = XCBuildConfiguration;
			buildSettings = {
				ALWAYS_SEARCH_USER_PATHS = NO;
				ASSETCATALOG_COMPILER_GENERATE_SWIFT_ASSET_SYMBOL_EXTENSIONS = YES;
				CLANG_ANALYZER_NUMBER_OBJECT_CONVERSION = YES_AGGRESSIVE;
				CLANG_CXX_LANGUAGE_STANDARD = "gnu++20";
				CLANG_ENABLE_OBJC_ARC = YES;
				CLANG_ENABLE_OBJC_WEAK = YES;
				CLANG_WARN_BLOCK_CAPTURE_AUTORELEASING = YES;
				CLANG_WARN_BOOL_CONVERSION = YES;
				CLANG_WARN_COMMA = YES;
				CLANG_WARN_CONSTANT_CONVERSION = YES;
				CLANG_WARN_DEPRECATED_OBJC_IMPLEMENTATIONS = YES;
				CLANG_WARN_DIRECT_OBJC_ISA_USAGE = YES;
				CLANG_WARN_DOCUMENTATION_COMMENTS = YES;
				CLANG_WARN_EMPTY_BODY = YES;
				CLANG_WARN_ENUM_CONVERSION = YES;
				CLANG_WARN_INFINITE_RECURSION = YES;
				CLANG_WARN_INT_CONVERSION = YES;
				CLANG_WARN_NON_LITERAL_NULL_CONVERSION = YES;
				CLANG_WARN_OBJC_LITERAL_CONVERSION = YES;
				CLANG_WARN_OBJC_ROOT_CLASS = YES_ERROR;
				CLANG_WARN_QUOTED_INCLUDE_IN_FRAMEWORK_HEADER = YES;
				CLANG_WARN_STRICT_PROTOTYPES = YES;
				CLANG_WARN_UNGUARDED_AVAILABILITY = YES_AGGRESSIVE;
				CLANG_WARN_UNREACHABLE_CODE = YES;
				CLANG_WARN__DUPLICATE_METHOD_MATCH = YES;
				COPY_PHASE_STRIP = NO;
				CURRENT_PROJECT_VERSION = "$(CURRENT_PROJECT_VERSION)";
				DEBUG_INFORMATION_FORMAT = "dwarf-with-dsym";
				ENABLE_NS_ASSERTIONS = NO;
				ENABLE_PREVIEWS = YES;
				ENABLE_STRICT_OBJC_MSGSEND = YES;
				ENABLE_USER_SCRIPT_SANDBOXING = NO;
				GCC_C_LANGUAGE_STANDARD = gnu17;
				GCC_NO_COMMON_BLOCKS = YES;
				GCC_WARN_64_TO_32_BIT_CONVERSION = YES;
				GCC_WARN_ABOUT_RETURN_TYPE = YES_ERROR;
				GCC_WARN_UNDECLARED_SELECTOR = YES;
				GCC_WARN_UNINITIALIZED_AUTOS = YES_AGGRESSIVE;
				GCC_WARN_UNUSED_FUNCTION = YES;
				GCC_WARN_UNUSED_VARIABLE = YES;
				LOCALIZATION_PREFERS_STRING_CATALOGS = YES;
				MTL_ENABLE_DEBUG_INFO = NO;
				MTL_FAST_MATH = YES;
				SWIFT_COMPILATION_MODE = wholemodule;
				SWIFT_VERSION = 5.0;
			};
			name = Release;
		};
		F91350872D233A44003C85BE /* Debug */ = {
			isa = XCBuildConfiguration;
			baseConfigurationReference = F921ED992D272AE300D4F3D3 /* Configuration.xcconfig */;
			buildSettings = {
				ASSETCATALOG_COMPILER_APPICON_NAME = AppIcon;
				ASSETCATALOG_COMPILER_GLOBAL_ACCENT_COLOR_NAME = AccentColor;
				CODE_SIGN_ENTITLEMENTS = Blankie.entitlements;
				CODE_SIGN_IDENTITY = "$(CODE_SIGN_IDENTITY)";
				CODE_SIGN_STYLE = Automatic;
				CURRENT_PROJECT_VERSION = "$(CURRENT_PROJECT_VERSION)";
				DEVELOPMENT_TEAM = "$(DEVELOPMENT_TEAM)";
				GENERATE_INFOPLIST_FILE = YES;
				INFOPLIST_FILE = "Blankie-Info.plist";
				INFOPLIST_KEY_CFBundleDisplayName = Blankie;
				INFOPLIST_KEY_LSApplicationCategoryType = "public.app-category.productivity";
				INFOPLIST_KEY_NSHumanReadableCopyright = "© 2024 Cody Bromley. Sound effects under various Creative Commons licenses.";
				"INFOPLIST_KEY_UIApplicationSceneManifest_Generation[sdk=iphoneos*]" = YES;
				"INFOPLIST_KEY_UIApplicationSceneManifest_Generation[sdk=iphonesimulator*]" = YES;
				"INFOPLIST_KEY_UIApplicationSupportsIndirectInputEvents[sdk=iphoneos*]" = YES;
				"INFOPLIST_KEY_UIApplicationSupportsIndirectInputEvents[sdk=iphonesimulator*]" = YES;
				"INFOPLIST_KEY_UILaunchScreen_Generation[sdk=iphoneos*]" = YES;
				"INFOPLIST_KEY_UILaunchScreen_Generation[sdk=iphonesimulator*]" = YES;
				"INFOPLIST_KEY_UIStatusBarStyle[sdk=iphoneos*]" = UIStatusBarStyleDefault;
				"INFOPLIST_KEY_UIStatusBarStyle[sdk=iphonesimulator*]" = UIStatusBarStyleDefault;
				INFOPLIST_KEY_UISupportedInterfaceOrientations_iPad = "UIInterfaceOrientationPortrait UIInterfaceOrientationPortraitUpsideDown UIInterfaceOrientationLandscapeLeft UIInterfaceOrientationLandscapeRight";
				INFOPLIST_KEY_UISupportedInterfaceOrientations_iPhone = "UIInterfaceOrientationPortrait UIInterfaceOrientationLandscapeLeft UIInterfaceOrientationLandscapeRight";
				LD_RUNPATH_SEARCH_PATHS = "@executable_path/Frameworks";
				"LD_RUNPATH_SEARCH_PATHS[sdk=macosx*]" = "@executable_path/../Frameworks";
				MACOSX_DEPLOYMENT_TARGET = 13.5;
				MARKETING_VERSION = 1.0;
				PRODUCT_BUNDLE_IDENTIFIER = "$(PRODUCT_BUNDLE_IDENTIFIER)";
				"PRODUCT_BUNDLE_IDENTIFIER[sdk=macosx*]" = "$(PRODUCT_BUNDLE_IDENTIFIER)";
				PRODUCT_NAME = "$(TARGET_NAME)";
				PROVISIONING_PROFILE_SPECIFIER = "";
				SDKROOT = auto;
				SUPPORTED_PLATFORMS = macosx;
				SWIFT_EMIT_LOC_STRINGS = YES;
			};
			name = Debug;
		};
		F91350882D233A44003C85BE /* Release */ = {
			isa = XCBuildConfiguration;
			baseConfigurationReference = F921ED992D272AE300D4F3D3 /* Configuration.xcconfig */;
			buildSettings = {
				ASSETCATALOG_COMPILER_APPICON_NAME = AppIcon;
				ASSETCATALOG_COMPILER_GLOBAL_ACCENT_COLOR_NAME = AccentColor;
				CODE_SIGN_ENTITLEMENTS = Blankie.entitlements;
				"CODE_SIGN_IDENTITY[sdk=macosx*]" = "$(CODE_SIGN_IDENTITY)";
				CODE_SIGN_STYLE = Automatic;
				CURRENT_PROJECT_VERSION = "$(CURRENT_PROJECT_VERSION)";
				DEVELOPMENT_TEAM = "$(DEVELOPMENT_TEAM)";
				GENERATE_INFOPLIST_FILE = YES;
				INFOPLIST_FILE = "Blankie-Info.plist";
				INFOPLIST_KEY_CFBundleDisplayName = Blankie;
				INFOPLIST_KEY_LSApplicationCategoryType = "public.app-category.productivity";
				INFOPLIST_KEY_NSHumanReadableCopyright = "© 2024 Cody Bromley. Sound effects under various Creative Commons licenses.";
				"INFOPLIST_KEY_UIApplicationSceneManifest_Generation[sdk=iphoneos*]" = YES;
				"INFOPLIST_KEY_UIApplicationSceneManifest_Generation[sdk=iphonesimulator*]" = YES;
				"INFOPLIST_KEY_UIApplicationSupportsIndirectInputEvents[sdk=iphoneos*]" = YES;
				"INFOPLIST_KEY_UIApplicationSupportsIndirectInputEvents[sdk=iphonesimulator*]" = YES;
				"INFOPLIST_KEY_UILaunchScreen_Generation[sdk=iphoneos*]" = YES;
				"INFOPLIST_KEY_UILaunchScreen_Generation[sdk=iphonesimulator*]" = YES;
				"INFOPLIST_KEY_UIStatusBarStyle[sdk=iphoneos*]" = UIStatusBarStyleDefault;
				"INFOPLIST_KEY_UIStatusBarStyle[sdk=iphonesimulator*]" = UIStatusBarStyleDefault;
				INFOPLIST_KEY_UISupportedInterfaceOrientations_iPad = "UIInterfaceOrientationPortrait UIInterfaceOrientationPortraitUpsideDown UIInterfaceOrientationLandscapeLeft UIInterfaceOrientationLandscapeRight";
				INFOPLIST_KEY_UISupportedInterfaceOrientations_iPhone = "UIInterfaceOrientationPortrait UIInterfaceOrientationLandscapeLeft UIInterfaceOrientationLandscapeRight";
				LD_RUNPATH_SEARCH_PATHS = "@executable_path/Frameworks";
				"LD_RUNPATH_SEARCH_PATHS[sdk=macosx*]" = "@executable_path/../Frameworks";
				MACOSX_DEPLOYMENT_TARGET = 13.5;
				MARKETING_VERSION = 1.0;
				PRODUCT_BUNDLE_IDENTIFIER = "$(PRODUCT_BUNDLE_IDENTIFIER)";
				"PRODUCT_BUNDLE_IDENTIFIER[sdk=macosx*]" = "$(PRODUCT_BUNDLE_IDENTIFIER)";
				PRODUCT_NAME = "$(TARGET_NAME)";
				PROVISIONING_PROFILE_SPECIFIER = "";
				SDKROOT = auto;
				SUPPORTED_PLATFORMS = macosx;
				SWIFT_EMIT_LOC_STRINGS = YES;
				VALIDATE_PRODUCT = YES;
			};
			name = Release;
		};
		F913508A2D233A44003C85BE /* Debug */ = {
			isa = XCBuildConfiguration;
			buildSettings = {
				BUNDLE_LOADER = "$(TEST_HOST)";
				CODE_SIGN_STYLE = Automatic;
				CURRENT_PROJECT_VERSION = 1;
				GENERATE_INFOPLIST_FILE = YES;
				MACOSX_DEPLOYMENT_TARGET = 15.2;
				MARKETING_VERSION = 1.0;
				PRODUCT_BUNDLE_IDENTIFIER = "";
				PRODUCT_NAME = "$(TARGET_NAME)";
				SDKROOT = auto;
				SUPPORTED_PLATFORMS = macosx;
				SUPPORTS_MACCATALYST = NO;
				SWIFT_EMIT_LOC_STRINGS = NO;
				TEST_HOST = "$(BUILT_PRODUCTS_DIR)/Blankie.app/$(BUNDLE_EXECUTABLE_FOLDER_PATH)/Blankie";
				XROS_DEPLOYMENT_TARGET = 2.2;
			};
			name = Debug;
		};
		F913508B2D233A44003C85BE /* Release */ = {
			isa = XCBuildConfiguration;
			buildSettings = {
				BUNDLE_LOADER = "$(TEST_HOST)";
				CODE_SIGN_STYLE = Automatic;
				CURRENT_PROJECT_VERSION = 1;
				GENERATE_INFOPLIST_FILE = YES;
				MACOSX_DEPLOYMENT_TARGET = 15.2;
				MARKETING_VERSION = 1.0;
				PRODUCT_BUNDLE_IDENTIFIER = "";
				PRODUCT_NAME = "$(TARGET_NAME)";
				SDKROOT = auto;
				SUPPORTED_PLATFORMS = macosx;
				SUPPORTS_MACCATALYST = NO;
				SWIFT_EMIT_LOC_STRINGS = NO;
				TEST_HOST = "$(BUILT_PRODUCTS_DIR)/Blankie.app/$(BUNDLE_EXECUTABLE_FOLDER_PATH)/Blankie";
				XROS_DEPLOYMENT_TARGET = 2.2;
			};
			name = Release;
		};
		F913508D2D233A44003C85BE /* Debug */ = {
			isa = XCBuildConfiguration;
			buildSettings = {
				CODE_SIGN_STYLE = Automatic;
				CURRENT_PROJECT_VERSION = 1;
				GENERATE_INFOPLIST_FILE = YES;
				MACOSX_DEPLOYMENT_TARGET = 15.2;
				MARKETING_VERSION = 1.0;
				PRODUCT_BUNDLE_IDENTIFIER = "";
				PRODUCT_NAME = "$(TARGET_NAME)";
				SDKROOT = auto;
				SUPPORTED_PLATFORMS = macosx;
				SUPPORTS_MACCATALYST = NO;
				SWIFT_EMIT_LOC_STRINGS = NO;
				TEST_TARGET_NAME = Blankie;
				XROS_DEPLOYMENT_TARGET = 2.2;
			};
			name = Debug;
		};
		F913508E2D233A44003C85BE /* Release */ = {
			isa = XCBuildConfiguration;
			buildSettings = {
				CODE_SIGN_STYLE = Automatic;
				CURRENT_PROJECT_VERSION = 1;
				GENERATE_INFOPLIST_FILE = YES;
				MACOSX_DEPLOYMENT_TARGET = 15.2;
				MARKETING_VERSION = 1.0;
				PRODUCT_BUNDLE_IDENTIFIER = "";
				PRODUCT_NAME = "$(TARGET_NAME)";
				SDKROOT = auto;
				SUPPORTED_PLATFORMS = macosx;
				SUPPORTS_MACCATALYST = NO;
				SWIFT_EMIT_LOC_STRINGS = NO;
				TEST_TARGET_NAME = Blankie;
				XROS_DEPLOYMENT_TARGET = 2.2;
			};
			name = Release;
		};
/* End XCBuildConfiguration section */

/* Begin XCConfigurationList section */
		F913505A2D233A43003C85BE /* Build configuration list for PBXProject "Blankie" */ = {
			isa = XCConfigurationList;
			buildConfigurations = (
				F91350842D233A44003C85BE /* Debug */,
				F91350852D233A44003C85BE /* Release */,
			);
			defaultConfigurationIsVisible = 0;
			defaultConfigurationName = Release;
		};
		F91350862D233A44003C85BE /* Build configuration list for PBXNativeTarget "Blankie" */ = {
			isa = XCConfigurationList;
			buildConfigurations = (
				F91350872D233A44003C85BE /* Debug */,
				F91350882D233A44003C85BE /* Release */,
			);
			defaultConfigurationIsVisible = 0;
			defaultConfigurationName = Release;
		};
		F91350892D233A44003C85BE /* Build configuration list for PBXNativeTarget "BlankieTests" */ = {
			isa = XCConfigurationList;
			buildConfigurations = (
				F913508A2D233A44003C85BE /* Debug */,
				F913508B2D233A44003C85BE /* Release */,
			);
			defaultConfigurationIsVisible = 0;
			defaultConfigurationName = Release;
		};
		F913508C2D233A44003C85BE /* Build configuration list for PBXNativeTarget "BlankieUITests" */ = {
			isa = XCConfigurationList;
			buildConfigurations = (
				F913508D2D233A44003C85BE /* Debug */,
				F913508E2D233A44003C85BE /* Release */,
			);
			defaultConfigurationIsVisible = 0;
			defaultConfigurationName = Release;
		};
/* End XCConfigurationList section */
	};
	rootObject = F91350572D233A43003C85BE /* Project object */;
}
